// !$*UTF8*$!
{
	archiveVersion = 1;
	classes = {
	};
	objectVersion = 46;
	objects = {

/* Begin PBXBuildFile section */
		3A3ED8A71225DF45009E2908 /* Cocoa.framework in Frameworks */ = {isa = PBXBuildFile; fileRef = 1058C7A1FEA54F0111CA2CBB /* Cocoa.framework */; };
		3A3ED9BE1225E320009E2908 /* Cocoa.framework in Frameworks */ = {isa = PBXBuildFile; fileRef = 1058C7A1FEA54F0111CA2CBB /* Cocoa.framework */; };
		3A3ED9BF1225E320009E2908 /* Carbon.framework in Frameworks */ = {isa = PBXBuildFile; fileRef = 3A286EA51222C8EA00F1BB78 /* Carbon.framework */; };
		3A3ED9C01225E320009E2908 /* QuartzCore.framework in Frameworks */ = {isa = PBXBuildFile; fileRef = 3A3ED9751225E0A7009E2908 /* QuartzCore.framework */; };
		3A3ED9C11225E32A009E2908 /* common.c in Sources */ = {isa = PBXBuildFile; fileRef = 3A1168C21225404F00757641 /* common.c */; };
		3A3ED9C21225E32A009E2908 /* common.mm in Sources */ = {isa = PBXBuildFile; fileRef = 3A1168C41225404F00757641 /* common.mm */; };
		3A3ED9C41225E32A009E2908 /* hover_close_button.mm in Sources */ = {isa = PBXBuildFile; fileRef = 3A3921F01221AF58006D8305 /* hover_close_button.mm */; };
		3A3ED9C51225E32A009E2908 /* hover_button.mm in Sources */ = {isa = PBXBuildFile; fileRef = 3A3921EE1221AF58006D8305 /* hover_button.mm */; };
		3A3ED9C71225E32A009E2908 /* CTPageTransition.c in Sources */ = {isa = PBXBuildFile; fileRef = 3A3921DA1221AA4B006D8305 /* CTPageTransition.c */; };
		3A3ED9C81225E32A009E2908 /* background_gradient_view.mm in Sources */ = {isa = PBXBuildFile; fileRef = 3A3927121221C596006D8305 /* background_gradient_view.mm */; };
		3A3ED9C91225E32A009E2908 /* CTTabController.mm in Sources */ = {isa = PBXBuildFile; fileRef = 3A3921F21221AF58006D8305 /* CTTabController.mm */; };
		3A3ED9CA1225E32A009E2908 /* CTTabView.mm in Sources */ = {isa = PBXBuildFile; fileRef = 3A39270B1221C566006D8305 /* CTTabView.mm */; };
		3A3ED9CB1225E32A009E2908 /* CTTabWindowController.mm in Sources */ = {isa = PBXBuildFile; fileRef = 3A286F8E1222CAA000F1BB78 /* CTTabWindowController.mm */; };
		3A3ED9CC1225E32A009E2908 /* CTTabStripView.mm in Sources */ = {isa = PBXBuildFile; fileRef = 3A286F8C1222CAA000F1BB78 /* CTTabStripView.mm */; };
		3A3ED9CE1225E32A009E2908 /* url_drop_target.mm in Sources */ = {isa = PBXBuildFile; fileRef = 3A286FC11222D10700F1BB78 /* url_drop_target.mm */; };
		3A3ED9CF1225E32A009E2908 /* throbber_view.mm in Sources */ = {isa = PBXBuildFile; fileRef = 3A286FE81222D53500F1BB78 /* throbber_view.mm */; };
		3A3ED9D01225E32A009E2908 /* CTTabContents.mm in Sources */ = {isa = PBXBuildFile; fileRef = 3AEE19531222DDEB009DA438 /* CTTabContents.mm */; };
		3A3ED9D11225E32A009E2908 /* CTTabStripModel.mm in Sources */ = {isa = PBXBuildFile; fileRef = 3AEE19411222DC5B009DA438 /* CTTabStripModel.mm */; };
		3A3ED9D21225E32A009E2908 /* CTTabStripModelOrderController.mm in Sources */ = {isa = PBXBuildFile; fileRef = 3AEE19431222DC5B009DA438 /* CTTabStripModelOrderController.mm */; };
		3A3ED9D31225E32A009E2908 /* CTTabContentsController.mm in Sources */ = {isa = PBXBuildFile; fileRef = 3A236D9F1223375D00D21E66 /* CTTabContentsController.mm */; };
		3A3ED9D41225E32A009E2908 /* CTTabStripController.mm in Sources */ = {isa = PBXBuildFile; fileRef = 3A286FE31222D25400F1BB78 /* CTTabStripController.mm */; };
		3A3ED9D51225E32A009E2908 /* new_tab_button.mm in Sources */ = {isa = PBXBuildFile; fileRef = 3A236DD81223414F00D21E66 /* new_tab_button.mm */; };
		3A3ED9D61225E32A009E2908 /* CTTabStripModelObserverBridge.mm in Sources */ = {isa = PBXBuildFile; fileRef = 3A236DAE12233B3400D21E66 /* CTTabStripModelObserverBridge.mm */; };
		3A3ED9D71225E32A009E2908 /* CTBrowserWindowController.mm in Sources */ = {isa = PBXBuildFile; fileRef = 3A1CF96012235704008A3B8C /* CTBrowserWindowController.mm */; };
		3A3ED9D81225E32A009E2908 /* fast_resize_view.mm in Sources */ = {isa = PBXBuildFile; fileRef = 3A1CF98812235CEE008A3B8C /* fast_resize_view.mm */; };
		3A3ED9D91225E32A009E2908 /* CTBrowser.mm in Sources */ = {isa = PBXBuildFile; fileRef = 3AA7188A122479CE005022BE /* CTBrowser.mm */; };
		3A3ED9DB1225E32A009E2908 /* GTMNSAnimation+Duration.m in Sources */ = {isa = PBXBuildFile; fileRef = 3A3ED6821225CE7A009E2908 /* GTMNSAnimation+Duration.m */; };
		3A3ED9DC1225E32A009E2908 /* GTMNSColor+Luminance.m in Sources */ = {isa = PBXBuildFile; fileRef = 3A3ED6841225CE7A009E2908 /* GTMNSColor+Luminance.m */; };
		3A3ED9DD1225E32A009E2908 /* GTMWindowSheetController.m in Sources */ = {isa = PBXBuildFile; fileRef = 3A3ED6861225CE7A009E2908 /* GTMWindowSheetController.m */; };
		3A3ED9DE1225E32A009E2908 /* NSBezierPath+MCAdditions.m in Sources */ = {isa = PBXBuildFile; fileRef = 3A3ED68A1225CE7A009E2908 /* NSBezierPath+MCAdditions.m */; };
		3A3ED9DF1225E32A009E2908 /* NSPasteboard+Utils.mm in Sources */ = {isa = PBXBuildFile; fileRef = 3A3ED6A21225CEB1009E2908 /* NSPasteboard+Utils.mm */; };
		3A3ED9E01225E32A009E2908 /* NSScreen+Utils.m in Sources */ = {isa = PBXBuildFile; fileRef = 3A3ED6A41225CEB1009E2908 /* NSScreen+Utils.m */; };
		3A3ED9E11225E32A009E2908 /* NSString+Utils.mm in Sources */ = {isa = PBXBuildFile; fileRef = 3A3ED6A61225CEB1009E2908 /* NSString+Utils.mm */; };
		3A3ED9E21225E32A009E2908 /* NSURL+Utils.m in Sources */ = {isa = PBXBuildFile; fileRef = 3A3ED6A81225CEB1009E2908 /* NSURL+Utils.m */; };
		3A3ED9E31225E32A009E2908 /* NSWorkspace+Utils.m in Sources */ = {isa = PBXBuildFile; fileRef = 3A3ED6AA1225CEB1009E2908 /* NSWorkspace+Utils.m */; };
		3A3ED9E41225E32A009E2908 /* GTMNSBezierPath+CGPath.m in Sources */ = {isa = PBXBuildFile; fileRef = 3A3ED74D1225DDBE009E2908 /* GTMNSBezierPath+CGPath.m */; };
		3A3ED9E51225E32A009E2908 /* GTMFadeTruncatingTextFieldCell.m in Sources */ = {isa = PBXBuildFile; fileRef = 3A3ED7681225DF06009E2908 /* GTMFadeTruncatingTextFieldCell.m */; };
		3A3ED9E81225E3C2009E2908 /* BrowserWindow.xib in Resources */ = {isa = PBXBuildFile; fileRef = 3A286F9E1222CDBE00F1BB78 /* BrowserWindow.xib */; };
		3A3ED9E91225E3C2009E2908 /* TabContents.xib in Resources */ = {isa = PBXBuildFile; fileRef = 3A286F9F1222CDBE00F1BB78 /* TabContents.xib */; };
		3A3ED9EA1225E3C2009E2908 /* TabView.xib in Resources */ = {isa = PBXBuildFile; fileRef = 3A286FA01222CDBE00F1BB78 /* TabView.xib */; };
		3A3ED9EB1225E3C2009E2908 /* newtab_h.pdf in Resources */ = {isa = PBXBuildFile; fileRef = 3A286FEA1222D61900F1BB78 /* newtab_h.pdf */; };
		3A3ED9EC1225E3C2009E2908 /* newtab_p.pdf in Resources */ = {isa = PBXBuildFile; fileRef = 3A286FEB1222D61900F1BB78 /* newtab_p.pdf */; };
		3A3ED9ED1225E3C2009E2908 /* newtab.pdf in Resources */ = {isa = PBXBuildFile; fileRef = 3A286FEC1222D61900F1BB78 /* newtab.pdf */; };
		3A3ED9EE1225E3C2009E2908 /* default-icon.pdf in Resources */ = {isa = PBXBuildFile; fileRef = 3A286FF71222D85300F1BB78 /* default-icon.pdf */; };
		3A3ED9EF1225E3C2009E2908 /* throbber_waiting.png in Resources */ = {isa = PBXBuildFile; fileRef = 3A286FFA1222D94600F1BB78 /* throbber_waiting.png */; };
		3A3ED9F01225E3C2009E2908 /* sadfavicon.png in Resources */ = {isa = PBXBuildFile; fileRef = 3A286FFD1222D99B00F1BB78 /* sadfavicon.png */; };
		3A3ED9F11225E3C2009E2908 /* throbber.png in Resources */ = {isa = PBXBuildFile; fileRef = 3A3ED35012256F06009E2908 /* throbber.png */; };
		3A3EDA501225EAE7009E2908 /* ChromiumTabs.framework in Frameworks */ = {isa = PBXBuildFile; fileRef = 3A3ED9831225E27E009E2908 /* ChromiumTabs.framework */; };
		3A3EDA521225EAEA009E2908 /* ChromiumTabs.framework in Copy Frameworks */ = {isa = PBXBuildFile; fileRef = 3A3ED9831225E27E009E2908 /* ChromiumTabs.framework */; };
		3A3EDA7B1225EBFF009E2908 /* AppDelegate.mm in Sources */ = {isa = PBXBuildFile; fileRef = 3A3EDA711225EBBB009E2908 /* AppDelegate.mm */; };
		3A3EDA7C1225EBFF009E2908 /* main.m in Sources */ = {isa = PBXBuildFile; fileRef = 3A3EDA771225EBBB009E2908 /* main.m */; };
		3A3EDA7E1225EC13009E2908 /* MainMenu.xib in Resources */ = {isa = PBXBuildFile; fileRef = 3A3EDA741225EBBB009E2908 /* MainMenu.xib */; };
		3A3EDA9E1225EF84009E2908 /* CTUtil.m in Sources */ = {isa = PBXBuildFile; fileRef = 3A3EDA9C1225EF84009E2908 /* CTUtil.m */; };
		3A3EDAA91225F192009E2908 /* Localizable.strings in Resources */ = {isa = PBXBuildFile; fileRef = 3A3EDAA71225F192009E2908 /* Localizable.strings */; };
		3A3EDACF1225FACA009E2908 /* ChromiumTabs.h in Headers */ = {isa = PBXBuildFile; fileRef = 3A3ED97D1225E116009E2908 /* ChromiumTabs.h */; settings = {ATTRIBUTES = (Public, ); }; };
		3A3EDAD01225FACA009E2908 /* CTTabStripModelDelegate.h in Headers */ = {isa = PBXBuildFile; fileRef = 3A1CF94912235277008A3B8C /* CTTabStripModelDelegate.h */; settings = {ATTRIBUTES = (Public, ); }; };
		3A3EDAD21225FACA009E2908 /* CTBrowserCommand.h in Headers */ = {isa = PBXBuildFile; fileRef = 3A1168D6122543A900757641 /* CTBrowserCommand.h */; settings = {ATTRIBUTES = (Public, ); }; };
		3A3EDAD31225FACA009E2908 /* CTBrowser.h in Headers */ = {isa = PBXBuildFile; fileRef = 3AA71889122479CE005022BE /* CTBrowser.h */; settings = {ATTRIBUTES = (Public, ); }; };
		3A3EDAD41225FACA009E2908 /* CTBrowserWindowController.h in Headers */ = {isa = PBXBuildFile; fileRef = 3A1CF95F12235704008A3B8C /* CTBrowserWindowController.h */; settings = {ATTRIBUTES = (Public, ); }; };
		3A3EDAD51225FACA009E2908 /* CTTabContents.h in Headers */ = {isa = PBXBuildFile; fileRef = 3AEE19521222DDEB009DA438 /* CTTabContents.h */; settings = {ATTRIBUTES = (Public, ); }; };
		3A3EDAF41225FBFF009E2908 /* NSImage+CTAdditions.h in Headers */ = {isa = PBXBuildFile; fileRef = 3A3EDAF21225FBFF009E2908 /* NSImage+CTAdditions.h */; settings = {ATTRIBUTES = (Public, ); }; };
		3A3EDAF51225FBFF009E2908 /* NSImage+CTAdditions.m in Sources */ = {isa = PBXBuildFile; fileRef = 3A3EDAF31225FBFF009E2908 /* NSImage+CTAdditions.m */; };
		3A928BBC1226F0AA00DA7E43 /* MyBrowser.mm in Sources */ = {isa = PBXBuildFile; fileRef = 3A928BBB1226F0AA00DA7E43 /* MyBrowser.mm */; };
		3A928BD91226F7FC00DA7E43 /* CTTabStripModel.h in Headers */ = {isa = PBXBuildFile; fileRef = 3AEE19421222DC5B009DA438 /* CTTabStripModel.h */; settings = {ATTRIBUTES = (Public, ); }; };
		3A928BDA1226F7FC00DA7E43 /* CTTabStripModelOrderController.h in Headers */ = {isa = PBXBuildFile; fileRef = 3AEE19441222DC5B009DA438 /* CTTabStripModelOrderController.h */; settings = {ATTRIBUTES = (Public, ); }; };
		3A928BDB1226F81600DA7E43 /* CTTabView.h in Headers */ = {isa = PBXBuildFile; fileRef = 3A39270A1221C566006D8305 /* CTTabView.h */; settings = {ATTRIBUTES = (Public, ); }; };
		3A928BDC1226F81600DA7E43 /* CTTabController.h in Headers */ = {isa = PBXBuildFile; fileRef = 3A3921F11221AF58006D8305 /* CTTabController.h */; settings = {ATTRIBUTES = (Public, ); }; };
		3A928BDD1226F81600DA7E43 /* CTTabControllerTarget.h in Headers */ = {isa = PBXBuildFile; fileRef = 3A286E8C1222C63D00F1BB78 /* CTTabControllerTarget.h */; settings = {ATTRIBUTES = (Public, ); }; };
		3A928BDE1226F81600DA7E43 /* CTTabContentsController.h in Headers */ = {isa = PBXBuildFile; fileRef = 3A236D9E1223375D00D21E66 /* CTTabContentsController.h */; settings = {ATTRIBUTES = (Public, ); }; };
		3A928BDF1226F81600DA7E43 /* CTTabStripView.h in Headers */ = {isa = PBXBuildFile; fileRef = 3A286F8B1222CAA000F1BB78 /* CTTabStripView.h */; settings = {ATTRIBUTES = (Public, ); }; };
		3A928BE01226F81600DA7E43 /* CTTabStripController.h in Headers */ = {isa = PBXBuildFile; fileRef = 3A286FE21222D25400F1BB78 /* CTTabStripController.h */; settings = {ATTRIBUTES = (Public, ); }; };
		3A928BE11226F81600DA7E43 /* CTTabWindowController.h in Headers */ = {isa = PBXBuildFile; fileRef = 3A286F8D1222CAA000F1BB78 /* CTTabWindowController.h */; settings = {ATTRIBUTES = (Public, ); }; };
		3A928BE21226F81600DA7E43 /* CTTabStripModelObserverBridge.h in Headers */ = {isa = PBXBuildFile; fileRef = 3A236DAD12233B3400D21E66 /* CTTabStripModelObserverBridge.h */; settings = {ATTRIBUTES = (Public, ); }; };
		3A928D0C12282DE500DA7E43 /* MyTabContents.mm in Sources */ = {isa = PBXBuildFile; fileRef = 3A928D0B12282DE500DA7E43 /* MyTabContents.mm */; };
		3A928F991228648F00DA7E43 /* common.h in Headers */ = {isa = PBXBuildFile; fileRef = 3A1168C31225404F00757641 /* common.h */; settings = {ATTRIBUTES = (Public, ); }; };
		3A929008122947A800DA7E43 /* CTToolbarView.h in Headers */ = {isa = PBXBuildFile; fileRef = 3A929006122947A800DA7E43 /* CTToolbarView.h */; settings = {ATTRIBUTES = (Public, ); }; };
		3A929009122947A800DA7E43 /* CTToolbarView.mm in Sources */ = {isa = PBXBuildFile; fileRef = 3A929007122947A800DA7E43 /* CTToolbarView.mm */; };
		3A92902312294CDC00DA7E43 /* NSWindow+CTThemed.h in Headers */ = {isa = PBXBuildFile; fileRef = 3A92902112294CDC00DA7E43 /* NSWindow+CTThemed.h */; settings = {ATTRIBUTES = (Public, ); }; };
		3A92902412294CDC00DA7E43 /* NSWindow+CTThemed.mm in Sources */ = {isa = PBXBuildFile; fileRef = 3A92902212294CDC00DA7E43 /* NSWindow+CTThemed.mm */; };
		3A92904612294F1900DA7E43 /* CTToolbarController.h in Headers */ = {isa = PBXBuildFile; fileRef = 3A92904412294F1900DA7E43 /* CTToolbarController.h */; settings = {ATTRIBUTES = (Public, ); }; };
		3A92904712294F1900DA7E43 /* CTToolbarController.mm in Sources */ = {isa = PBXBuildFile; fileRef = 3A92904512294F1900DA7E43 /* CTToolbarController.mm */; };
		3A92907612295BC400DA7E43 /* Toolbar.xib in Resources */ = {isa = PBXBuildFile; fileRef = 3A92907512295BC400DA7E43 /* Toolbar.xib */; };
		3A9291981229BEB600DA7E43 /* CTPageTransition.h in Headers */ = {isa = PBXBuildFile; fileRef = 3A3921DB1221AA4B006D8305 /* CTPageTransition.h */; settings = {ATTRIBUTES = (Public, ); }; };
		3A92919B1229BEE900DA7E43 /* basictypes.h in Headers */ = {isa = PBXBuildFile; fileRef = 3A3EDA331225E911009E2908 /* basictypes.h */; settings = {ATTRIBUTES = (Public, ); }; };
		3A92919C1229BEE900DA7E43 /* cocoa_protocols_mac.h in Headers */ = {isa = PBXBuildFile; fileRef = 3A3EDA341225E911009E2908 /* cocoa_protocols_mac.h */; settings = {ATTRIBUTES = (Public, ); }; };
		3A92919D1229BEE900DA7E43 /* observer_list.h in Headers */ = {isa = PBXBuildFile; fileRef = 3A3EDA351225E911009E2908 /* observer_list.h */; settings = {ATTRIBUTES = (Public, ); }; };
		3A92919E1229BEE900DA7E43 /* scoped_cftyperef.h in Headers */ = {isa = PBXBuildFile; fileRef = 3A3EDA361225E911009E2908 /* scoped_cftyperef.h */; settings = {ATTRIBUTES = (Public, ); }; };
		3A92919F1229BEE900DA7E43 /* scoped_nsdisable_screen_updates.h in Headers */ = {isa = PBXBuildFile; fileRef = 3A3EDA371225E911009E2908 /* scoped_nsdisable_screen_updates.h */; settings = {ATTRIBUTES = (Public, ); }; };
		3A9291A01229BEE900DA7E43 /* scoped_nsobject.h in Headers */ = {isa = PBXBuildFile; fileRef = 3A3EDA381225E911009E2908 /* scoped_nsobject.h */; settings = {ATTRIBUTES = (Public, ); }; };
		3A9291A11229BEE900DA7E43 /* scoped_ptr.h in Headers */ = {isa = PBXBuildFile; fileRef = 3A3EDA391225E911009E2908 /* scoped_ptr.h */; settings = {ATTRIBUTES = (Public, ); }; };
		3A9291A21229BEE900DA7E43 /* stl_util-inl.h in Headers */ = {isa = PBXBuildFile; fileRef = 3A3EDA3A1225E911009E2908 /* stl_util-inl.h */; settings = {ATTRIBUTES = (Public, ); }; };
		3A9291A31229BEE900DA7E43 /* throbber_view.h in Headers */ = {isa = PBXBuildFile; fileRef = 3A286FE71222D53500F1BB78 /* throbber_view.h */; settings = {ATTRIBUTES = (Public, ); }; };
		3A9291A41229BEE900DA7E43 /* url_drop_target.h in Headers */ = {isa = PBXBuildFile; fileRef = 3A286FC01222D10700F1BB78 /* url_drop_target.h */; settings = {ATTRIBUTES = (Public, ); }; };
		3A9291A51229BEE900DA7E43 /* background_gradient_view.h in Headers */ = {isa = PBXBuildFile; fileRef = 3A3927111221C596006D8305 /* background_gradient_view.h */; settings = {ATTRIBUTES = (Public, ); }; };
		3A9291A61229BEE900DA7E43 /* hover_button.h in Headers */ = {isa = PBXBuildFile; fileRef = 3A3921ED1221AF58006D8305 /* hover_button.h */; settings = {ATTRIBUTES = (Public, ); }; };
		3A9291A71229BEE900DA7E43 /* hover_close_button.h in Headers */ = {isa = PBXBuildFile; fileRef = 3A3921EF1221AF58006D8305 /* hover_close_button.h */; settings = {ATTRIBUTES = (Public, ); }; };
		3A9291A81229BEE900DA7E43 /* new_tab_button.h in Headers */ = {isa = PBXBuildFile; fileRef = 3A236DD71223414F00D21E66 /* new_tab_button.h */; settings = {ATTRIBUTES = (Public, ); }; };
		3A9291A91229BEE900DA7E43 /* fast_resize_view.h in Headers */ = {isa = PBXBuildFile; fileRef = 3A1CF98712235CEE008A3B8C /* fast_resize_view.h */; settings = {ATTRIBUTES = (Public, ); }; };
		3A9291AA1229BF0100DA7E43 /* NSPasteboard+Utils.h in Headers */ = {isa = PBXBuildFile; fileRef = 3A3ED6A11225CEB1009E2908 /* NSPasteboard+Utils.h */; settings = {ATTRIBUTES = (Public, ); }; };
		3A9291AB1229BF0100DA7E43 /* NSScreen+Utils.h in Headers */ = {isa = PBXBuildFile; fileRef = 3A3ED6A31225CEB1009E2908 /* NSScreen+Utils.h */; settings = {ATTRIBUTES = (Public, ); }; };
		3A9291AC1229BF0100DA7E43 /* NSString+Utils.h in Headers */ = {isa = PBXBuildFile; fileRef = 3A3ED6A51225CEB1009E2908 /* NSString+Utils.h */; settings = {ATTRIBUTES = (Public, ); }; };
		3A9291AD1229BF0100DA7E43 /* NSURL+Utils.h in Headers */ = {isa = PBXBuildFile; fileRef = 3A3ED6A71225CEB1009E2908 /* NSURL+Utils.h */; settings = {ATTRIBUTES = (Public, ); }; };
		3A9291AE1229BF0100DA7E43 /* NSWorkspace+Utils.h in Headers */ = {isa = PBXBuildFile; fileRef = 3A3ED6A91225CEB1009E2908 /* NSWorkspace+Utils.h */; settings = {ATTRIBUTES = (Public, ); }; };
		3A9291AF1229BF0100DA7E43 /* GTMDefines.h in Headers */ = {isa = PBXBuildFile; fileRef = 3A3ED74F1225DDF2009E2908 /* GTMDefines.h */; settings = {ATTRIBUTES = (Public, ); }; };
		3A9291B01229BF0100DA7E43 /* GTMGarbageCollection.h in Headers */ = {isa = PBXBuildFile; fileRef = 3A3ED74B1225DDBE009E2908 /* GTMGarbageCollection.h */; settings = {ATTRIBUTES = (Public, ); }; };
		3A9291B11229BF0100DA7E43 /* GTMNSBezierPath+CGPath.h in Headers */ = {isa = PBXBuildFile; fileRef = 3A3ED74C1225DDBE009E2908 /* GTMNSBezierPath+CGPath.h */; settings = {ATTRIBUTES = (Public, ); }; };
		3A9291B21229BF0100DA7E43 /* GTMNSAnimation+Duration.h in Headers */ = {isa = PBXBuildFile; fileRef = 3A3ED6811225CE7A009E2908 /* GTMNSAnimation+Duration.h */; settings = {ATTRIBUTES = (Public, ); }; };
		3A9291B31229BF0100DA7E43 /* GTMNSColor+Luminance.h in Headers */ = {isa = PBXBuildFile; fileRef = 3A3ED6831225CE7A009E2908 /* GTMNSColor+Luminance.h */; settings = {ATTRIBUTES = (Public, ); }; };
		3A9291B41229BF0100DA7E43 /* GTMWindowSheetController.h in Headers */ = {isa = PBXBuildFile; fileRef = 3A3ED6851225CE7A009E2908 /* GTMWindowSheetController.h */; settings = {ATTRIBUTES = (Public, ); }; };
		3A9291B51229BF0100DA7E43 /* GTMFadeTruncatingTextFieldCell.h in Headers */ = {isa = PBXBuildFile; fileRef = 3A3ED7671225DF06009E2908 /* GTMFadeTruncatingTextFieldCell.h */; settings = {ATTRIBUTES = (Public, ); }; };
		3A9291B61229BF0100DA7E43 /* NSBezierPath+MCAdditions.h in Headers */ = {isa = PBXBuildFile; fileRef = 3A3ED6891225CE7A009E2908 /* NSBezierPath+MCAdditions.h */; settings = {ATTRIBUTES = (Public, ); }; };
		3A9292A21229D43300DA7E43 /* CTUtil.h in Headers */ = {isa = PBXBuildFile; fileRef = 3A3EDA9B1225EF84009E2908 /* CTUtil.h */; settings = {ATTRIBUTES = (Public, ); }; };
		3ABF4A1912A4592A0020233C /* CTBrowserWindow.h in Headers */ = {isa = PBXBuildFile; fileRef = 3ABF4A1712A4592A0020233C /* CTBrowserWindow.h */; settings = {ATTRIBUTES = (Public, ); }; };
		3ABF4A1A12A4592A0020233C /* CTBrowserWindow.mm in Sources */ = {isa = PBXBuildFile; fileRef = 3ABF4A1812A4592A0020233C /* CTBrowserWindow.mm */; };
		3ABF4A8712A460DA0020233C /* CTBrowserFrameView.h in Headers */ = {isa = PBXBuildFile; fileRef = 3ABF4A8512A460DA0020233C /* CTBrowserFrameView.h */; settings = {ATTRIBUTES = (); }; };
		3ABF4A8812A460DA0020233C /* CTBrowserFrameView.mm in Sources */ = {isa = PBXBuildFile; fileRef = 3ABF4A8612A460DA0020233C /* CTBrowserFrameView.mm */; };
		3ABF4A8B12A461630020233C /* scoped_nsautorelease_pool.h in Headers */ = {isa = PBXBuildFile; fileRef = 3ABF4A8912A461630020233C /* scoped_nsautorelease_pool.h */; settings = {ATTRIBUTES = (Public, ); }; };
		3ABF4A8C12A461630020233C /* scoped_nsautorelease_pool.mm in Sources */ = {isa = PBXBuildFile; fileRef = 3ABF4A8A12A461630020233C /* scoped_nsautorelease_pool.mm */; };
		3ABF4AAC12A465100020233C /* KVOChangeScope.hh in Headers */ = {isa = PBXBuildFile; fileRef = 3ABF4AAB12A464F50020233C /* KVOChangeScope.hh */; settings = {ATTRIBUTES = (Public, ); }; };
/* End PBXBuildFile section */

/* Begin PBXContainerItemProxy section */
		3A3EDA541225EB02009E2908 /* PBXContainerItemProxy */ = {
			isa = PBXContainerItemProxy;
			containerPortal = 29B97313FDCFA39411CA2CEA /* Project object */;
			proxyType = 1;
			remoteGlobalIDString = 3A3ED9821225E27E009E2908;
			remoteInfo = ChromiumTabs;
		};
/* End PBXContainerItemProxy section */

/* Begin PBXCopyFilesBuildPhase section */
		3A286CE912229A3400F1BB78 /* Copy Frameworks */ = {
			isa = PBXCopyFilesBuildPhase;
			buildActionMask = 2147483647;
			dstPath = "";
			dstSubfolderSpec = 10;
			files = (
				3A3EDA521225EAEA009E2908 /* ChromiumTabs.framework in Copy Frameworks */,
			);
			name = "Copy Frameworks";
			runOnlyForDeploymentPostprocessing = 0;
		};
/* End PBXCopyFilesBuildPhase section */

/* Begin PBXFileReference section */
		1058C7A1FEA54F0111CA2CBB /* Cocoa.framework */ = {isa = PBXFileReference; lastKnownFileType = wrapper.framework; name = Cocoa.framework; path = /System/Library/Frameworks/Cocoa.framework; sourceTree = "<absolute>"; };
		256AC3F00F4B6AF500CF3369 /* prefix.pch */ = {isa = PBXFileReference; fileEncoding = 4; lastKnownFileType = sourcecode.c.h; path = prefix.pch; sourceTree = "<group>"; };
		29B97324FDCFA39411CA2CEA /* AppKit.framework */ = {isa = PBXFileReference; lastKnownFileType = wrapper.framework; name = AppKit.framework; path = /System/Library/Frameworks/AppKit.framework; sourceTree = "<absolute>"; };
		29B97325FDCFA39411CA2CEA /* Foundation.framework */ = {isa = PBXFileReference; lastKnownFileType = wrapper.framework; name = Foundation.framework; path = /System/Library/Frameworks/Foundation.framework; sourceTree = "<absolute>"; };
		3A1168C21225404F00757641 /* common.c */ = {isa = PBXFileReference; fileEncoding = 4; lastKnownFileType = sourcecode.c.c; path = common.c; sourceTree = "<group>"; };
		3A1168C31225404F00757641 /* common.h */ = {isa = PBXFileReference; fileEncoding = 4; lastKnownFileType = sourcecode.c.h; path = common.h; sourceTree = "<group>"; };
		3A1168C41225404F00757641 /* common.mm */ = {isa = PBXFileReference; fileEncoding = 4; lastKnownFileType = sourcecode.cpp.objcpp; path = common.mm; sourceTree = "<group>"; };
		3A1168D6122543A900757641 /* CTBrowserCommand.h */ = {isa = PBXFileReference; fileEncoding = 4; lastKnownFileType = sourcecode.c.h; path = CTBrowserCommand.h; sourceTree = "<group>"; };
		3A1CF94912235277008A3B8C /* CTTabStripModelDelegate.h */ = {isa = PBXFileReference; fileEncoding = 4; lastKnownFileType = sourcecode.c.h; path = CTTabStripModelDelegate.h; sourceTree = "<group>"; };
		3A1CF95F12235704008A3B8C /* CTBrowserWindowController.h */ = {isa = PBXFileReference; fileEncoding = 4; lastKnownFileType = sourcecode.c.h; path = CTBrowserWindowController.h; sourceTree = "<group>"; };
		3A1CF96012235704008A3B8C /* CTBrowserWindowController.mm */ = {isa = PBXFileReference; fileEncoding = 4; lastKnownFileType = sourcecode.cpp.objcpp; path = CTBrowserWindowController.mm; sourceTree = "<group>"; };
		3A1CF98712235CEE008A3B8C /* fast_resize_view.h */ = {isa = PBXFileReference; fileEncoding = 4; lastKnownFileType = sourcecode.c.h; path = fast_resize_view.h; sourceTree = "<group>"; };
		3A1CF98812235CEE008A3B8C /* fast_resize_view.mm */ = {isa = PBXFileReference; fileEncoding = 4; lastKnownFileType = sourcecode.cpp.objcpp; path = fast_resize_view.mm; sourceTree = "<group>"; };
		3A236D9E1223375D00D21E66 /* CTTabContentsController.h */ = {isa = PBXFileReference; fileEncoding = 4; lastKnownFileType = sourcecode.c.h; path = CTTabContentsController.h; sourceTree = "<group>"; };
		3A236D9F1223375D00D21E66 /* CTTabContentsController.mm */ = {isa = PBXFileReference; fileEncoding = 4; lastKnownFileType = sourcecode.cpp.objcpp; path = CTTabContentsController.mm; sourceTree = "<group>"; };
		3A236DAD12233B3400D21E66 /* CTTabStripModelObserverBridge.h */ = {isa = PBXFileReference; fileEncoding = 4; lastKnownFileType = sourcecode.c.h; path = CTTabStripModelObserverBridge.h; sourceTree = "<group>"; };
		3A236DAE12233B3400D21E66 /* CTTabStripModelObserverBridge.mm */ = {isa = PBXFileReference; fileEncoding = 4; lastKnownFileType = sourcecode.cpp.objcpp; path = CTTabStripModelObserverBridge.mm; sourceTree = "<group>"; };
		3A236DD71223414F00D21E66 /* new_tab_button.h */ = {isa = PBXFileReference; fileEncoding = 4; lastKnownFileType = sourcecode.c.h; path = new_tab_button.h; sourceTree = "<group>"; };
		3A236DD81223414F00D21E66 /* new_tab_button.mm */ = {isa = PBXFileReference; fileEncoding = 4; lastKnownFileType = sourcecode.cpp.objcpp; path = new_tab_button.mm; sourceTree = "<group>"; };
		3A286E8C1222C63D00F1BB78 /* CTTabControllerTarget.h */ = {isa = PBXFileReference; fileEncoding = 4; lastKnownFileType = sourcecode.c.h; path = CTTabControllerTarget.h; sourceTree = "<group>"; };
		3A286EA51222C8EA00F1BB78 /* Carbon.framework */ = {isa = PBXFileReference; lastKnownFileType = wrapper.framework; name = Carbon.framework; path = System/Library/Frameworks/Carbon.framework; sourceTree = SDKROOT; };
		3A286F8B1222CAA000F1BB78 /* CTTabStripView.h */ = {isa = PBXFileReference; fileEncoding = 4; lastKnownFileType = sourcecode.c.h; path = CTTabStripView.h; sourceTree = "<group>"; };
		3A286F8C1222CAA000F1BB78 /* CTTabStripView.mm */ = {isa = PBXFileReference; fileEncoding = 4; lastKnownFileType = sourcecode.cpp.objcpp; path = CTTabStripView.mm; sourceTree = "<group>"; };
		3A286F8D1222CAA000F1BB78 /* CTTabWindowController.h */ = {isa = PBXFileReference; fileEncoding = 4; lastKnownFileType = sourcecode.c.h; path = CTTabWindowController.h; sourceTree = "<group>"; };
		3A286F8E1222CAA000F1BB78 /* CTTabWindowController.mm */ = {isa = PBXFileReference; fileEncoding = 4; lastKnownFileType = sourcecode.cpp.objcpp; path = CTTabWindowController.mm; sourceTree = "<group>"; };
		3A286F9E1222CDBE00F1BB78 /* BrowserWindow.xib */ = {isa = PBXFileReference; lastKnownFileType = file.xib; path = BrowserWindow.xib; sourceTree = "<group>"; };
		3A286F9F1222CDBE00F1BB78 /* TabContents.xib */ = {isa = PBXFileReference; lastKnownFileType = file.xib; path = TabContents.xib; sourceTree = "<group>"; };
		3A286FA01222CDBE00F1BB78 /* TabView.xib */ = {isa = PBXFileReference; lastKnownFileType = file.xib; path = TabView.xib; sourceTree = "<group>"; };
		3A286FC01222D10700F1BB78 /* url_drop_target.h */ = {isa = PBXFileReference; fileEncoding = 4; lastKnownFileType = sourcecode.c.h; path = url_drop_target.h; sourceTree = "<group>"; };
		3A286FC11222D10700F1BB78 /* url_drop_target.mm */ = {isa = PBXFileReference; fileEncoding = 4; lastKnownFileType = sourcecode.cpp.objcpp; path = url_drop_target.mm; sourceTree = "<group>"; };
		3A286FE21222D25400F1BB78 /* CTTabStripController.h */ = {isa = PBXFileReference; fileEncoding = 4; lastKnownFileType = sourcecode.c.h; path = CTTabStripController.h; sourceTree = "<group>"; };
		3A286FE31222D25400F1BB78 /* CTTabStripController.mm */ = {isa = PBXFileReference; fileEncoding = 4; lastKnownFileType = sourcecode.cpp.objcpp; path = CTTabStripController.mm; sourceTree = "<group>"; };
		3A286FE71222D53500F1BB78 /* throbber_view.h */ = {isa = PBXFileReference; fileEncoding = 4; lastKnownFileType = sourcecode.c.h; path = throbber_view.h; sourceTree = "<group>"; };
		3A286FE81222D53500F1BB78 /* throbber_view.mm */ = {isa = PBXFileReference; fileEncoding = 4; lastKnownFileType = sourcecode.cpp.objcpp; path = throbber_view.mm; sourceTree = "<group>"; };
		3A286FEA1222D61900F1BB78 /* newtab_h.pdf */ = {isa = PBXFileReference; lastKnownFileType = image.pdf; name = newtab_h.pdf; path = gfx/newtab_h.pdf; sourceTree = "<group>"; };
		3A286FEB1222D61900F1BB78 /* newtab_p.pdf */ = {isa = PBXFileReference; lastKnownFileType = image.pdf; name = newtab_p.pdf; path = gfx/newtab_p.pdf; sourceTree = "<group>"; };
		3A286FEC1222D61900F1BB78 /* newtab.pdf */ = {isa = PBXFileReference; lastKnownFileType = image.pdf; name = newtab.pdf; path = gfx/newtab.pdf; sourceTree = "<group>"; };
		3A286FF71222D85300F1BB78 /* default-icon.pdf */ = {isa = PBXFileReference; lastKnownFileType = image.pdf; name = "default-icon.pdf"; path = "gfx/default-icon.pdf"; sourceTree = "<group>"; };
		3A286FFA1222D94600F1BB78 /* throbber_waiting.png */ = {isa = PBXFileReference; lastKnownFileType = image.png; name = throbber_waiting.png; path = gfx/throbber_waiting.png; sourceTree = "<group>"; };
		3A286FFD1222D99B00F1BB78 /* sadfavicon.png */ = {isa = PBXFileReference; lastKnownFileType = image.png; name = sadfavicon.png; path = gfx/sadfavicon.png; sourceTree = "<group>"; };
		3A3921DA1221AA4B006D8305 /* CTPageTransition.c */ = {isa = PBXFileReference; fileEncoding = 4; lastKnownFileType = sourcecode.c.c; path = CTPageTransition.c; sourceTree = "<group>"; };
		3A3921DB1221AA4B006D8305 /* CTPageTransition.h */ = {isa = PBXFileReference; fileEncoding = 4; lastKnownFileType = sourcecode.c.h; path = CTPageTransition.h; sourceTree = "<group>"; };
		3A3921ED1221AF58006D8305 /* hover_button.h */ = {isa = PBXFileReference; explicitFileType = sourcecode.cpp.h; fileEncoding = 4; path = hover_button.h; sourceTree = "<group>"; };
		3A3921EE1221AF58006D8305 /* hover_button.mm */ = {isa = PBXFileReference; fileEncoding = 4; lastKnownFileType = sourcecode.cpp.objcpp; path = hover_button.mm; sourceTree = "<group>"; };
		3A3921EF1221AF58006D8305 /* hover_close_button.h */ = {isa = PBXFileReference; explicitFileType = sourcecode.cpp.h; fileEncoding = 4; path = hover_close_button.h; sourceTree = "<group>"; };
		3A3921F01221AF58006D8305 /* hover_close_button.mm */ = {isa = PBXFileReference; fileEncoding = 4; lastKnownFileType = sourcecode.cpp.objcpp; path = hover_close_button.mm; sourceTree = "<group>"; };
		3A3921F11221AF58006D8305 /* CTTabController.h */ = {isa = PBXFileReference; explicitFileType = sourcecode.cpp.h; fileEncoding = 4; path = CTTabController.h; sourceTree = "<group>"; };
		3A3921F21221AF58006D8305 /* CTTabController.mm */ = {isa = PBXFileReference; fileEncoding = 4; lastKnownFileType = sourcecode.cpp.objcpp; path = CTTabController.mm; sourceTree = "<group>"; };
		3A39270A1221C566006D8305 /* CTTabView.h */ = {isa = PBXFileReference; explicitFileType = sourcecode.cpp.h; fileEncoding = 4; path = CTTabView.h; sourceTree = "<group>"; };
		3A39270B1221C566006D8305 /* CTTabView.mm */ = {isa = PBXFileReference; fileEncoding = 4; lastKnownFileType = sourcecode.cpp.objcpp; path = CTTabView.mm; sourceTree = "<group>"; };
		3A3927111221C596006D8305 /* background_gradient_view.h */ = {isa = PBXFileReference; explicitFileType = sourcecode.cpp.h; fileEncoding = 4; path = background_gradient_view.h; sourceTree = "<group>"; };
		3A3927121221C596006D8305 /* background_gradient_view.mm */ = {isa = PBXFileReference; explicitFileType = sourcecode.cpp.objcpp; fileEncoding = 4; path = background_gradient_view.mm; sourceTree = "<group>"; };
		3A3ED35012256F06009E2908 /* throbber.png */ = {isa = PBXFileReference; lastKnownFileType = image.png; name = throbber.png; path = gfx/throbber.png; sourceTree = "<group>"; };
		3A3ED6811225CE7A009E2908 /* GTMNSAnimation+Duration.h */ = {isa = PBXFileReference; fileEncoding = 4; lastKnownFileType = sourcecode.c.h; path = "GTMNSAnimation+Duration.h"; sourceTree = "<group>"; };
		3A3ED6821225CE7A009E2908 /* GTMNSAnimation+Duration.m */ = {isa = PBXFileReference; fileEncoding = 4; lastKnownFileType = sourcecode.c.objc; path = "GTMNSAnimation+Duration.m"; sourceTree = "<group>"; };
		3A3ED6831225CE7A009E2908 /* GTMNSColor+Luminance.h */ = {isa = PBXFileReference; fileEncoding = 4; lastKnownFileType = sourcecode.c.h; path = "GTMNSColor+Luminance.h"; sourceTree = "<group>"; };
		3A3ED6841225CE7A009E2908 /* GTMNSColor+Luminance.m */ = {isa = PBXFileReference; fileEncoding = 4; lastKnownFileType = sourcecode.c.objc; path = "GTMNSColor+Luminance.m"; sourceTree = "<group>"; };
		3A3ED6851225CE7A009E2908 /* GTMWindowSheetController.h */ = {isa = PBXFileReference; fileEncoding = 4; lastKnownFileType = sourcecode.c.h; path = GTMWindowSheetController.h; sourceTree = "<group>"; };
		3A3ED6861225CE7A009E2908 /* GTMWindowSheetController.m */ = {isa = PBXFileReference; fileEncoding = 4; lastKnownFileType = sourcecode.c.objc; path = GTMWindowSheetController.m; sourceTree = "<group>"; };
		3A3ED6891225CE7A009E2908 /* NSBezierPath+MCAdditions.h */ = {isa = PBXFileReference; fileEncoding = 4; lastKnownFileType = sourcecode.c.h; name = "NSBezierPath+MCAdditions.h"; path = "src/third_party/molokocacao/NSBezierPath+MCAdditions.h"; sourceTree = SOURCE_ROOT; };
		3A3ED68A1225CE7A009E2908 /* NSBezierPath+MCAdditions.m */ = {isa = PBXFileReference; fileEncoding = 4; lastKnownFileType = sourcecode.c.objc; path = "NSBezierPath+MCAdditions.m"; sourceTree = "<group>"; };
		3A3ED6A11225CEB1009E2908 /* NSPasteboard+Utils.h */ = {isa = PBXFileReference; fileEncoding = 4; lastKnownFileType = sourcecode.c.h; path = "NSPasteboard+Utils.h"; sourceTree = "<group>"; };
		3A3ED6A21225CEB1009E2908 /* NSPasteboard+Utils.mm */ = {isa = PBXFileReference; fileEncoding = 4; lastKnownFileType = sourcecode.cpp.objcpp; path = "NSPasteboard+Utils.mm"; sourceTree = "<group>"; };
		3A3ED6A31225CEB1009E2908 /* NSScreen+Utils.h */ = {isa = PBXFileReference; fileEncoding = 4; lastKnownFileType = sourcecode.c.h; path = "NSScreen+Utils.h"; sourceTree = "<group>"; };
		3A3ED6A41225CEB1009E2908 /* NSScreen+Utils.m */ = {isa = PBXFileReference; fileEncoding = 4; lastKnownFileType = sourcecode.c.objc; path = "NSScreen+Utils.m"; sourceTree = "<group>"; };
		3A3ED6A51225CEB1009E2908 /* NSString+Utils.h */ = {isa = PBXFileReference; fileEncoding = 4; lastKnownFileType = sourcecode.c.h; path = "NSString+Utils.h"; sourceTree = "<group>"; };
		3A3ED6A61225CEB1009E2908 /* NSString+Utils.mm */ = {isa = PBXFileReference; fileEncoding = 4; lastKnownFileType = sourcecode.cpp.objcpp; path = "NSString+Utils.mm"; sourceTree = "<group>"; };
		3A3ED6A71225CEB1009E2908 /* NSURL+Utils.h */ = {isa = PBXFileReference; fileEncoding = 4; lastKnownFileType = sourcecode.c.h; path = "NSURL+Utils.h"; sourceTree = "<group>"; };
		3A3ED6A81225CEB1009E2908 /* NSURL+Utils.m */ = {isa = PBXFileReference; fileEncoding = 4; lastKnownFileType = sourcecode.c.objc; path = "NSURL+Utils.m"; sourceTree = "<group>"; };
		3A3ED6A91225CEB1009E2908 /* NSWorkspace+Utils.h */ = {isa = PBXFileReference; fileEncoding = 4; lastKnownFileType = sourcecode.c.h; path = "NSWorkspace+Utils.h"; sourceTree = "<group>"; };
		3A3ED6AA1225CEB1009E2908 /* NSWorkspace+Utils.m */ = {isa = PBXFileReference; fileEncoding = 4; lastKnownFileType = sourcecode.c.objc; path = "NSWorkspace+Utils.m"; sourceTree = "<group>"; };
		3A3ED7071225D7A6009E2908 /* build_config.h */ = {isa = PBXFileReference; fileEncoding = 4; lastKnownFileType = sourcecode.c.h; path = build_config.h; sourceTree = "<group>"; };
		3A3ED74B1225DDBE009E2908 /* GTMGarbageCollection.h */ = {isa = PBXFileReference; fileEncoding = 4; lastKnownFileType = sourcecode.c.h; path = GTMGarbageCollection.h; sourceTree = "<group>"; };
		3A3ED74C1225DDBE009E2908 /* GTMNSBezierPath+CGPath.h */ = {isa = PBXFileReference; fileEncoding = 4; lastKnownFileType = sourcecode.c.h; path = "GTMNSBezierPath+CGPath.h"; sourceTree = "<group>"; };
		3A3ED74D1225DDBE009E2908 /* GTMNSBezierPath+CGPath.m */ = {isa = PBXFileReference; fileEncoding = 4; lastKnownFileType = sourcecode.c.objc; path = "GTMNSBezierPath+CGPath.m"; sourceTree = "<group>"; };
		3A3ED74F1225DDF2009E2908 /* GTMDefines.h */ = {isa = PBXFileReference; fileEncoding = 4; lastKnownFileType = sourcecode.c.h; path = GTMDefines.h; sourceTree = "<group>"; };
		3A3ED7671225DF06009E2908 /* GTMFadeTruncatingTextFieldCell.h */ = {isa = PBXFileReference; fileEncoding = 4; lastKnownFileType = sourcecode.c.h; path = GTMFadeTruncatingTextFieldCell.h; sourceTree = "<group>"; };
		3A3ED7681225DF06009E2908 /* GTMFadeTruncatingTextFieldCell.m */ = {isa = PBXFileReference; fileEncoding = 4; lastKnownFileType = sourcecode.c.objc; path = GTMFadeTruncatingTextFieldCell.m; sourceTree = "<group>"; };
		3A3ED9751225E0A7009E2908 /* QuartzCore.framework */ = {isa = PBXFileReference; lastKnownFileType = wrapper.framework; name = QuartzCore.framework; path = System/Library/Frameworks/QuartzCore.framework; sourceTree = SDKROOT; };
		3A3ED97D1225E116009E2908 /* ChromiumTabs.h */ = {isa = PBXFileReference; fileEncoding = 4; lastKnownFileType = sourcecode.c.h; path = ChromiumTabs.h; sourceTree = "<group>"; };
		3A3ED9831225E27E009E2908 /* ChromiumTabs.framework */ = {isa = PBXFileReference; explicitFileType = wrapper.framework; includeInIndex = 0; path = ChromiumTabs.framework; sourceTree = BUILT_PRODUCTS_DIR; };
		3A3ED9841225E27E009E2908 /* ChromiumTabs-Info.plist */ = {isa = PBXFileReference; lastKnownFileType = text.plist.xml; path = "ChromiumTabs-Info.plist"; sourceTree = "<group>"; };
		3A3EDA331225E911009E2908 /* basictypes.h */ = {isa = PBXFileReference; fileEncoding = 4; lastKnownFileType = sourcecode.c.h; path = basictypes.h; sourceTree = "<group>"; };
		3A3EDA341225E911009E2908 /* cocoa_protocols_mac.h */ = {isa = PBXFileReference; fileEncoding = 4; lastKnownFileType = sourcecode.c.h; path = cocoa_protocols_mac.h; sourceTree = "<group>"; };
		3A3EDA351225E911009E2908 /* observer_list.h */ = {isa = PBXFileReference; fileEncoding = 4; lastKnownFileType = sourcecode.c.h; path = observer_list.h; sourceTree = "<group>"; };
		3A3EDA361225E911009E2908 /* scoped_cftyperef.h */ = {isa = PBXFileReference; fileEncoding = 4; lastKnownFileType = sourcecode.c.h; path = scoped_cftyperef.h; sourceTree = "<group>"; };
		3A3EDA371225E911009E2908 /* scoped_nsdisable_screen_updates.h */ = {isa = PBXFileReference; fileEncoding = 4; lastKnownFileType = sourcecode.c.h; path = scoped_nsdisable_screen_updates.h; sourceTree = "<group>"; };
		3A3EDA381225E911009E2908 /* scoped_nsobject.h */ = {isa = PBXFileReference; fileEncoding = 4; lastKnownFileType = sourcecode.c.h; path = scoped_nsobject.h; sourceTree = "<group>"; };
		3A3EDA391225E911009E2908 /* scoped_ptr.h */ = {isa = PBXFileReference; fileEncoding = 4; lastKnownFileType = sourcecode.c.h; path = scoped_ptr.h; sourceTree = "<group>"; };
		3A3EDA3A1225E911009E2908 /* stl_util-inl.h */ = {isa = PBXFileReference; fileEncoding = 4; lastKnownFileType = sourcecode.c.h; path = "stl_util-inl.h"; sourceTree = "<group>"; };
		3A3EDA701225EBBB009E2908 /* AppDelegate.h */ = {isa = PBXFileReference; fileEncoding = 4; lastKnownFileType = sourcecode.c.h; path = AppDelegate.h; sourceTree = "<group>"; };
		3A3EDA711225EBBB009E2908 /* AppDelegate.mm */ = {isa = PBXFileReference; fileEncoding = 4; lastKnownFileType = sourcecode.cpp.objcpp; path = AppDelegate.mm; sourceTree = "<group>"; };
		3A3EDA731225EBBB009E2908 /* English */ = {isa = PBXFileReference; fileEncoding = 4; lastKnownFileType = text.plist.strings; name = English; path = English.lproj/InfoPlist.strings; sourceTree = "<group>"; };
		3A3EDA751225EBBB009E2908 /* English */ = {isa = PBXFileReference; lastKnownFileType = file.xib; name = English; path = English.lproj/MainMenu.xib; sourceTree = "<group>"; };
		3A3EDA761225EBBB009E2908 /* Info.plist */ = {isa = PBXFileReference; fileEncoding = 4; lastKnownFileType = text.plist.xml; path = Info.plist; sourceTree = "<group>"; };
		3A3EDA771225EBBB009E2908 /* main.m */ = {isa = PBXFileReference; fileEncoding = 4; lastKnownFileType = sourcecode.c.objc; path = main.m; sourceTree = "<group>"; };
		3A3EDA9B1225EF84009E2908 /* CTUtil.h */ = {isa = PBXFileReference; fileEncoding = 4; lastKnownFileType = sourcecode.c.h; path = CTUtil.h; sourceTree = "<group>"; };
		3A3EDA9C1225EF84009E2908 /* CTUtil.m */ = {isa = PBXFileReference; fileEncoding = 4; lastKnownFileType = sourcecode.c.objc; path = CTUtil.m; sourceTree = "<group>"; };
		3A3EDAA81225F192009E2908 /* English */ = {isa = PBXFileReference; fileEncoding = 4; lastKnownFileType = text.plist.strings; name = English; path = English.lproj/Localizable.strings; sourceTree = "<group>"; };
		3A3EDAF21225FBFF009E2908 /* NSImage+CTAdditions.h */ = {isa = PBXFileReference; fileEncoding = 4; lastKnownFileType = sourcecode.c.h; path = "NSImage+CTAdditions.h"; sourceTree = "<group>"; };
		3A3EDAF31225FBFF009E2908 /* NSImage+CTAdditions.m */ = {isa = PBXFileReference; fileEncoding = 4; lastKnownFileType = sourcecode.c.objc; path = "NSImage+CTAdditions.m"; sourceTree = "<group>"; };
		3A928A771226E01900DA7E43 /* prefix.pch */ = {isa = PBXFileReference; fileEncoding = 4; lastKnownFileType = sourcecode.c.h; path = prefix.pch; sourceTree = "<group>"; };
		3A928BBA1226F0AA00DA7E43 /* MyBrowser.h */ = {isa = PBXFileReference; fileEncoding = 4; lastKnownFileType = sourcecode.c.h; path = MyBrowser.h; sourceTree = "<group>"; };
		3A928BBB1226F0AA00DA7E43 /* MyBrowser.mm */ = {isa = PBXFileReference; fileEncoding = 4; lastKnownFileType = sourcecode.cpp.objcpp; path = MyBrowser.mm; sourceTree = "<group>"; };
		3A928D0A12282DE500DA7E43 /* MyTabContents.h */ = {isa = PBXFileReference; fileEncoding = 4; lastKnownFileType = sourcecode.c.h; path = MyTabContents.h; sourceTree = "<group>"; };
		3A928D0B12282DE500DA7E43 /* MyTabContents.mm */ = {isa = PBXFileReference; fileEncoding = 4; lastKnownFileType = sourcecode.cpp.objcpp; path = MyTabContents.mm; sourceTree = "<group>"; };
		3A929006122947A800DA7E43 /* CTToolbarView.h */ = {isa = PBXFileReference; fileEncoding = 4; lastKnownFileType = sourcecode.c.h; path = CTToolbarView.h; sourceTree = "<group>"; };
		3A929007122947A800DA7E43 /* CTToolbarView.mm */ = {isa = PBXFileReference; fileEncoding = 4; lastKnownFileType = sourcecode.cpp.objcpp; path = CTToolbarView.mm; sourceTree = "<group>"; };
		3A92902112294CDC00DA7E43 /* NSWindow+CTThemed.h */ = {isa = PBXFileReference; fileEncoding = 4; lastKnownFileType = sourcecode.c.h; path = "NSWindow+CTThemed.h"; sourceTree = "<group>"; };
		3A92902212294CDC00DA7E43 /* NSWindow+CTThemed.mm */ = {isa = PBXFileReference; fileEncoding = 4; lastKnownFileType = sourcecode.cpp.objcpp; path = "NSWindow+CTThemed.mm"; sourceTree = "<group>"; };
		3A92904412294F1900DA7E43 /* CTToolbarController.h */ = {isa = PBXFileReference; fileEncoding = 4; lastKnownFileType = sourcecode.c.h; path = CTToolbarController.h; sourceTree = "<group>"; };
		3A92904512294F1900DA7E43 /* CTToolbarController.mm */ = {isa = PBXFileReference; fileEncoding = 4; lastKnownFileType = sourcecode.cpp.objcpp; path = CTToolbarController.mm; sourceTree = "<group>"; };
		3A92907512295BC400DA7E43 /* Toolbar.xib */ = {isa = PBXFileReference; explicitFileType = file.xib; path = Toolbar.xib; sourceTree = "<group>"; };
		3AA71889122479CE005022BE /* CTBrowser.h */ = {isa = PBXFileReference; fileEncoding = 4; lastKnownFileType = sourcecode.c.h; path = CTBrowser.h; sourceTree = "<group>"; };
		3AA7188A122479CE005022BE /* CTBrowser.mm */ = {isa = PBXFileReference; fileEncoding = 4; lastKnownFileType = sourcecode.cpp.objcpp; path = CTBrowser.mm; sourceTree = "<group>"; };
		3ABF4A1712A4592A0020233C /* CTBrowserWindow.h */ = {isa = PBXFileReference; fileEncoding = 4; lastKnownFileType = sourcecode.c.h; path = CTBrowserWindow.h; sourceTree = "<group>"; };
		3ABF4A1812A4592A0020233C /* CTBrowserWindow.mm */ = {isa = PBXFileReference; fileEncoding = 4; lastKnownFileType = sourcecode.cpp.objcpp; path = CTBrowserWindow.mm; sourceTree = "<group>"; };
		3ABF4A8512A460DA0020233C /* CTBrowserFrameView.h */ = {isa = PBXFileReference; fileEncoding = 4; lastKnownFileType = sourcecode.c.h; path = CTBrowserFrameView.h; sourceTree = "<group>"; };
		3ABF4A8612A460DA0020233C /* CTBrowserFrameView.mm */ = {isa = PBXFileReference; fileEncoding = 4; lastKnownFileType = sourcecode.cpp.objcpp; path = CTBrowserFrameView.mm; sourceTree = "<group>"; };
		3ABF4A8912A461630020233C /* scoped_nsautorelease_pool.h */ = {isa = PBXFileReference; fileEncoding = 4; lastKnownFileType = sourcecode.c.h; path = scoped_nsautorelease_pool.h; sourceTree = "<group>"; };
		3ABF4A8A12A461630020233C /* scoped_nsautorelease_pool.mm */ = {isa = PBXFileReference; fileEncoding = 4; lastKnownFileType = sourcecode.cpp.objcpp; path = scoped_nsautorelease_pool.mm; sourceTree = "<group>"; };
		3ABF4AAB12A464F50020233C /* KVOChangeScope.hh */ = {isa = PBXFileReference; fileEncoding = 4; lastKnownFileType = sourcecode.cpp.h; path = KVOChangeScope.hh; sourceTree = "<group>"; };
		3AEE19411222DC5B009DA438 /* CTTabStripModel.mm */ = {isa = PBXFileReference; fileEncoding = 4; lastKnownFileType = sourcecode.cpp.objcpp; path = CTTabStripModel.mm; sourceTree = "<group>"; };
		3AEE19421222DC5B009DA438 /* CTTabStripModel.h */ = {isa = PBXFileReference; fileEncoding = 4; lastKnownFileType = sourcecode.c.h; path = CTTabStripModel.h; sourceTree = "<group>"; };
		3AEE19431222DC5B009DA438 /* CTTabStripModelOrderController.mm */ = {isa = PBXFileReference; fileEncoding = 4; lastKnownFileType = sourcecode.cpp.objcpp; path = CTTabStripModelOrderController.mm; sourceTree = "<group>"; };
		3AEE19441222DC5B009DA438 /* CTTabStripModelOrderController.h */ = {isa = PBXFileReference; fileEncoding = 4; lastKnownFileType = sourcecode.c.h; path = CTTabStripModelOrderController.h; sourceTree = "<group>"; };
		3AEE19521222DDEB009DA438 /* CTTabContents.h */ = {isa = PBXFileReference; fileEncoding = 4; lastKnownFileType = sourcecode.c.h; path = CTTabContents.h; sourceTree = "<group>"; };
		3AEE19531222DDEB009DA438 /* CTTabContents.mm */ = {isa = PBXFileReference; fileEncoding = 4; lastKnownFileType = sourcecode.cpp.objcpp; path = CTTabContents.mm; sourceTree = "<group>"; };
		8D1107320486CEB800E47090 /* Chromium Tabs.app */ = {isa = PBXFileReference; explicitFileType = wrapper.application; includeInIndex = 0; path = "Chromium Tabs.app"; sourceTree = BUILT_PRODUCTS_DIR; };
/* End PBXFileReference section */

/* Begin PBXFrameworksBuildPhase section */
		3A3ED9811225E27E009E2908 /* Frameworks */ = {
			isa = PBXFrameworksBuildPhase;
			buildActionMask = 2147483647;
			files = (
				3A3ED9BE1225E320009E2908 /* Cocoa.framework in Frameworks */,
				3A3ED9BF1225E320009E2908 /* Carbon.framework in Frameworks */,
				3A3ED9C01225E320009E2908 /* QuartzCore.framework in Frameworks */,
			);
			runOnlyForDeploymentPostprocessing = 0;
		};
		8D11072E0486CEB800E47090 /* Frameworks */ = {
			isa = PBXFrameworksBuildPhase;
			buildActionMask = 2147483647;
			files = (
				3A3ED8A71225DF45009E2908 /* Cocoa.framework in Frameworks */,
				3A3EDA501225EAE7009E2908 /* ChromiumTabs.framework in Frameworks */,
			);
			runOnlyForDeploymentPostprocessing = 0;
		};
/* End PBXFrameworksBuildPhase section */

/* Begin PBXGroup section */
		080E96DDFE201D6D7F000001 /* src */ = {
			isa = PBXGroup;
			children = (
				3A3ED97D1225E116009E2908 /* ChromiumTabs.h */,
				256AC3F00F4B6AF500CF3369 /* prefix.pch */,
				3A3ED7071225D7A6009E2908 /* build_config.h */,
				3ABF4AAB12A464F50020233C /* KVOChangeScope.hh */,
				3A1168C31225404F00757641 /* common.h */,
				3A1168C21225404F00757641 /* common.c */,
				3A1168C41225404F00757641 /* common.mm */,
				3A3EDA9B1225EF84009E2908 /* CTUtil.h */,
				3A3EDA9C1225EF84009E2908 /* CTUtil.m */,
				3A3EDAF21225FBFF009E2908 /* NSImage+CTAdditions.h */,
				3A3EDAF31225FBFF009E2908 /* NSImage+CTAdditions.m */,
				3A1CF94912235277008A3B8C /* CTTabStripModelDelegate.h */,
				3A1168D6122543A900757641 /* CTBrowserCommand.h */,
				3AA71889122479CE005022BE /* CTBrowser.h */,
				3AA7188A122479CE005022BE /* CTBrowser.mm */,
				3ABF4A1712A4592A0020233C /* CTBrowserWindow.h */,
				3ABF4A1812A4592A0020233C /* CTBrowserWindow.mm */,
				3ABF4A8512A460DA0020233C /* CTBrowserFrameView.h */,
				3ABF4A8612A460DA0020233C /* CTBrowserFrameView.mm */,
				3A1CF95F12235704008A3B8C /* CTBrowserWindowController.h */,
				3A1CF96012235704008A3B8C /* CTBrowserWindowController.mm */,
				3AEE19521222DDEB009DA438 /* CTTabContents.h */,
				3AEE19531222DDEB009DA438 /* CTTabContents.mm */,
				3A929006122947A800DA7E43 /* CTToolbarView.h */,
				3A929007122947A800DA7E43 /* CTToolbarView.mm */,
				3A92904412294F1900DA7E43 /* CTToolbarController.h */,
				3A92904512294F1900DA7E43 /* CTToolbarController.mm */,
				3A92902112294CDC00DA7E43 /* NSWindow+CTThemed.h */,
				3A92902212294CDC00DA7E43 /* NSWindow+CTThemed.mm */,
				3A3EDA321225E911009E2908 /* base */,
				3A3ED6741225CE7A009E2908 /* third_party */,
				3A3921D81221AA4B006D8305 /* chrome */,
			);
			path = src;
			sourceTree = "<group>";
		};
		19C28FACFE9D520D11CA2CBB /* Products */ = {
			isa = PBXGroup;
			children = (
				8D1107320486CEB800E47090 /* Chromium Tabs.app */,
				3A3ED9831225E27E009E2908 /* ChromiumTabs.framework */,
			);
			name = Products;
			sourceTree = "<group>";
		};
		29B97314FDCFA39411CA2CEA /* cocoa-chromium-tabs */ = {
			isa = PBXGroup;
			children = (
				3A3EDA6E1225EBBB009E2908 /* examples */,
				080E96DDFE201D6D7F000001 /* src */,
				29B97317FDCFA39411CA2CEA /* resources */,
				29B97323FDCFA39411CA2CEA /* Frameworks */,
				19C28FACFE9D520D11CA2CBB /* Products */,
			);
			name = "cocoa-chromium-tabs";
			sourceTree = "<group>";
		};
		29B97317FDCFA39411CA2CEA /* resources */ = {
			isa = PBXGroup;
			children = (
				3A286FF01222D61D00F1BB78 /* gfx */,
				3A3ED9841225E27E009E2908 /* ChromiumTabs-Info.plist */,
				3A286F9E1222CDBE00F1BB78 /* BrowserWindow.xib */,
				3A286F9F1222CDBE00F1BB78 /* TabContents.xib */,
				3A286FA01222CDBE00F1BB78 /* TabView.xib */,
				3A92907512295BC400DA7E43 /* Toolbar.xib */,
				3A3EDAA71225F192009E2908 /* Localizable.strings */,
			);
			path = resources;
			sourceTree = "<group>";
		};
		29B97323FDCFA39411CA2CEA /* Frameworks */ = {
			isa = PBXGroup;
			children = (
				3A286EA51222C8EA00F1BB78 /* Carbon.framework */,
				1058C7A1FEA54F0111CA2CBB /* Cocoa.framework */,
				29B97324FDCFA39411CA2CEA /* AppKit.framework */,
				29B97325FDCFA39411CA2CEA /* Foundation.framework */,
				3A3ED9751225E0A7009E2908 /* QuartzCore.framework */,
			);
			name = Frameworks;
			sourceTree = "<group>";
		};
		3A286FF01222D61D00F1BB78 /* gfx */ = {
			isa = PBXGroup;
			children = (
				3A3ED35012256F06009E2908 /* throbber.png */,
				3A286FFD1222D99B00F1BB78 /* sadfavicon.png */,
				3A286FFA1222D94600F1BB78 /* throbber_waiting.png */,
				3A286FF71222D85300F1BB78 /* default-icon.pdf */,
				3A286FEA1222D61900F1BB78 /* newtab_h.pdf */,
				3A286FEB1222D61900F1BB78 /* newtab_p.pdf */,
				3A286FEC1222D61900F1BB78 /* newtab.pdf */,
			);
			name = gfx;
			sourceTree = "<group>";
		};
		3A3921D81221AA4B006D8305 /* chrome */ = {
			isa = PBXGroup;
			children = (
				3A3921EB1221AF58006D8305 /* browser */,
				3A3921D91221AA4B006D8305 /* common */,
			);
			path = chrome;
			sourceTree = "<group>";
		};
		3A3921D91221AA4B006D8305 /* common */ = {
			isa = PBXGroup;
			children = (
				3A3921DA1221AA4B006D8305 /* CTPageTransition.c */,
				3A3921DB1221AA4B006D8305 /* CTPageTransition.h */,
			);
			path = common;
			sourceTree = "<group>";
		};
		3A3921EB1221AF58006D8305 /* browser */ = {
			isa = PBXGroup;
			children = (
				3AEE19401222DC5B009DA438 /* tabs */,
				3A3921EC1221AF58006D8305 /* cocoa */,
			);
			path = browser;
			sourceTree = "<group>";
		};
		3A3921EC1221AF58006D8305 /* cocoa */ = {
			isa = PBXGroup;
			children = (
				3A286FE71222D53500F1BB78 /* throbber_view.h */,
				3A286FE81222D53500F1BB78 /* throbber_view.mm */,
				3A286FC01222D10700F1BB78 /* url_drop_target.h */,
				3A286FC11222D10700F1BB78 /* url_drop_target.mm */,
				3A3927111221C596006D8305 /* background_gradient_view.h */,
				3A3927121221C596006D8305 /* background_gradient_view.mm */,
				3A3921ED1221AF58006D8305 /* hover_button.h */,
				3A3921EE1221AF58006D8305 /* hover_button.mm */,
				3A3921EF1221AF58006D8305 /* hover_close_button.h */,
				3A3921F01221AF58006D8305 /* hover_close_button.mm */,
				3A236DD71223414F00D21E66 /* new_tab_button.h */,
				3A236DD81223414F00D21E66 /* new_tab_button.mm */,
				3A39270A1221C566006D8305 /* CTTabView.h */,
				3A39270B1221C566006D8305 /* CTTabView.mm */,
				3A3921F11221AF58006D8305 /* CTTabController.h */,
				3A286E8C1222C63D00F1BB78 /* CTTabControllerTarget.h */,
				3A3921F21221AF58006D8305 /* CTTabController.mm */,
				3A236D9E1223375D00D21E66 /* CTTabContentsController.h */,
				3A236D9F1223375D00D21E66 /* CTTabContentsController.mm */,
				3A286F8B1222CAA000F1BB78 /* CTTabStripView.h */,
				3A286F8C1222CAA000F1BB78 /* CTTabStripView.mm */,
				3A286FE21222D25400F1BB78 /* CTTabStripController.h */,
				3A286FE31222D25400F1BB78 /* CTTabStripController.mm */,
				3A286F8D1222CAA000F1BB78 /* CTTabWindowController.h */,
				3A286F8E1222CAA000F1BB78 /* CTTabWindowController.mm */,
				3A236DAD12233B3400D21E66 /* CTTabStripModelObserverBridge.h */,
				3A236DAE12233B3400D21E66 /* CTTabStripModelObserverBridge.mm */,
				3A1CF98712235CEE008A3B8C /* fast_resize_view.h */,
				3A1CF98812235CEE008A3B8C /* fast_resize_view.mm */,
			);
			path = cocoa;
			sourceTree = "<group>";
		};
		3A3ED6741225CE7A009E2908 /* third_party */ = {
			isa = PBXGroup;
			children = (
				3A3ED69E1225CEB1009E2908 /* mozilla */,
				3A3ED67F1225CE7A009E2908 /* gtm-subset */,
				3A3ED6871225CE7A009E2908 /* molokocacao */,
			);
			path = third_party;
			sourceTree = "<group>";
		};
		3A3ED67F1225CE7A009E2908 /* gtm-subset */ = {
			isa = PBXGroup;
			children = (
				3A3ED74F1225DDF2009E2908 /* GTMDefines.h */,
				3A3ED74B1225DDBE009E2908 /* GTMGarbageCollection.h */,
				3A3ED74C1225DDBE009E2908 /* GTMNSBezierPath+CGPath.h */,
				3A3ED74D1225DDBE009E2908 /* GTMNSBezierPath+CGPath.m */,
				3A3ED6811225CE7A009E2908 /* GTMNSAnimation+Duration.h */,
				3A3ED6821225CE7A009E2908 /* GTMNSAnimation+Duration.m */,
				3A3ED6831225CE7A009E2908 /* GTMNSColor+Luminance.h */,
				3A3ED6841225CE7A009E2908 /* GTMNSColor+Luminance.m */,
				3A3ED6851225CE7A009E2908 /* GTMWindowSheetController.h */,
				3A3ED6861225CE7A009E2908 /* GTMWindowSheetController.m */,
				3A3ED7671225DF06009E2908 /* GTMFadeTruncatingTextFieldCell.h */,
				3A3ED7681225DF06009E2908 /* GTMFadeTruncatingTextFieldCell.m */,
			);
			path = "gtm-subset";
			sourceTree = "<group>";
		};
		3A3ED6871225CE7A009E2908 /* molokocacao */ = {
			isa = PBXGroup;
			children = (
				3A3ED6891225CE7A009E2908 /* NSBezierPath+MCAdditions.h */,
				3A3ED68A1225CE7A009E2908 /* NSBezierPath+MCAdditions.m */,
			);
			path = molokocacao;
			sourceTree = "<group>";
		};
		3A3ED69E1225CEB1009E2908 /* mozilla */ = {
			isa = PBXGroup;
			children = (
				3A3ED6A11225CEB1009E2908 /* NSPasteboard+Utils.h */,
				3A3ED6A21225CEB1009E2908 /* NSPasteboard+Utils.mm */,
				3A3ED6A31225CEB1009E2908 /* NSScreen+Utils.h */,
				3A3ED6A41225CEB1009E2908 /* NSScreen+Utils.m */,
				3A3ED6A51225CEB1009E2908 /* NSString+Utils.h */,
				3A3ED6A61225CEB1009E2908 /* NSString+Utils.mm */,
				3A3ED6A71225CEB1009E2908 /* NSURL+Utils.h */,
				3A3ED6A81225CEB1009E2908 /* NSURL+Utils.m */,
				3A3ED6A91225CEB1009E2908 /* NSWorkspace+Utils.h */,
				3A3ED6AA1225CEB1009E2908 /* NSWorkspace+Utils.m */,
			);
			path = mozilla;
			sourceTree = "<group>";
		};
		3A3EDA321225E911009E2908 /* base */ = {
			isa = PBXGroup;
			children = (
				3A3EDA331225E911009E2908 /* basictypes.h */,
				3A3EDA341225E911009E2908 /* cocoa_protocols_mac.h */,
				3A3EDA351225E911009E2908 /* observer_list.h */,
				3A3EDA361225E911009E2908 /* scoped_cftyperef.h */,
				3A3EDA371225E911009E2908 /* scoped_nsdisable_screen_updates.h */,
				3A3EDA381225E911009E2908 /* scoped_nsobject.h */,
				3A3EDA391225E911009E2908 /* scoped_ptr.h */,
				3A3EDA3A1225E911009E2908 /* stl_util-inl.h */,
				3ABF4A8912A461630020233C /* scoped_nsautorelease_pool.h */,
				3ABF4A8A12A461630020233C /* scoped_nsautorelease_pool.mm */,
			);
			path = base;
			sourceTree = "<group>";
		};
		3A3EDA6E1225EBBB009E2908 /* examples */ = {
			isa = PBXGroup;
			children = (
				3A928A771226E01900DA7E43 /* prefix.pch */,
				3A3EDA6F1225EBBB009E2908 /* simple-app */,
			);
			path = examples;
			sourceTree = "<group>";
		};
		3A3EDA6F1225EBBB009E2908 /* simple-app */ = {
			isa = PBXGroup;
			children = (
				3A3EDA721225EBBB009E2908 /* InfoPlist.strings */,
				3A3EDA741225EBBB009E2908 /* MainMenu.xib */,
				3A3EDA761225EBBB009E2908 /* Info.plist */,
				3A3EDA771225EBBB009E2908 /* main.m */,
				3A3EDA701225EBBB009E2908 /* AppDelegate.h */,
				3A3EDA711225EBBB009E2908 /* AppDelegate.mm */,
				3A928BBA1226F0AA00DA7E43 /* MyBrowser.h */,
				3A928BBB1226F0AA00DA7E43 /* MyBrowser.mm */,
				3A928D0A12282DE500DA7E43 /* MyTabContents.h */,
				3A928D0B12282DE500DA7E43 /* MyTabContents.mm */,
			);
			path = "simple-app";
			sourceTree = "<group>";
		};
		3AEE19401222DC5B009DA438 /* tabs */ = {
			isa = PBXGroup;
			children = (
				3AEE19421222DC5B009DA438 /* CTTabStripModel.h */,
				3AEE19411222DC5B009DA438 /* CTTabStripModel.mm */,
				3AEE19441222DC5B009DA438 /* CTTabStripModelOrderController.h */,
				3AEE19431222DC5B009DA438 /* CTTabStripModelOrderController.mm */,
			);
			path = tabs;
			sourceTree = "<group>";
		};
/* End PBXGroup section */

/* Begin PBXHeadersBuildPhase section */
		3A3ED97E1225E27E009E2908 /* Headers */ = {
			isa = PBXHeadersBuildPhase;
			buildActionMask = 2147483647;
			files = (
				3A3EDACF1225FACA009E2908 /* ChromiumTabs.h in Headers */,
				3A928F991228648F00DA7E43 /* common.h in Headers */,
				3ABF4AAC12A465100020233C /* KVOChangeScope.hh in Headers */,
				3A9292A21229D43300DA7E43 /* CTUtil.h in Headers */,
				3A3EDAD31225FACA009E2908 /* CTBrowser.h in Headers */,
				3A9291981229BEB600DA7E43 /* CTPageTransition.h in Headers */,
				3A3EDAD51225FACA009E2908 /* CTTabContents.h in Headers */,
				3A928BDB1226F81600DA7E43 /* CTTabView.h in Headers */,
				3A928BDC1226F81600DA7E43 /* CTTabController.h in Headers */,
				3A928BDD1226F81600DA7E43 /* CTTabControllerTarget.h in Headers */,
				3A928BDE1226F81600DA7E43 /* CTTabContentsController.h in Headers */,
				3A928BDF1226F81600DA7E43 /* CTTabStripView.h in Headers */,
				3A928BE01226F81600DA7E43 /* CTTabStripController.h in Headers */,
				3A928BE11226F81600DA7E43 /* CTTabWindowController.h in Headers */,
				3A928BE21226F81600DA7E43 /* CTTabStripModelObserverBridge.h in Headers */,
				3A3EDAF41225FBFF009E2908 /* NSImage+CTAdditions.h in Headers */,
				3A3EDAD01225FACA009E2908 /* CTTabStripModelDelegate.h in Headers */,
				3A3EDAD21225FACA009E2908 /* CTBrowserCommand.h in Headers */,
				3A3EDAD41225FACA009E2908 /* CTBrowserWindowController.h in Headers */,
				3A929008122947A800DA7E43 /* CTToolbarView.h in Headers */,
				3A92902312294CDC00DA7E43 /* NSWindow+CTThemed.h in Headers */,
				3A92904612294F1900DA7E43 /* CTToolbarController.h in Headers */,
				3A92919B1229BEE900DA7E43 /* basictypes.h in Headers */,
				3A92919C1229BEE900DA7E43 /* cocoa_protocols_mac.h in Headers */,
				3A92919D1229BEE900DA7E43 /* observer_list.h in Headers */,
				3A92919E1229BEE900DA7E43 /* scoped_cftyperef.h in Headers */,
				3A92919F1229BEE900DA7E43 /* scoped_nsdisable_screen_updates.h in Headers */,
				3A9291A01229BEE900DA7E43 /* scoped_nsobject.h in Headers */,
				3A9291A11229BEE900DA7E43 /* scoped_ptr.h in Headers */,
				3A9291A21229BEE900DA7E43 /* stl_util-inl.h in Headers */,
				3A928BD91226F7FC00DA7E43 /* CTTabStripModel.h in Headers */,
				3A928BDA1226F7FC00DA7E43 /* CTTabStripModelOrderController.h in Headers */,
				3A9291A31229BEE900DA7E43 /* throbber_view.h in Headers */,
				3A9291A41229BEE900DA7E43 /* url_drop_target.h in Headers */,
				3A9291A51229BEE900DA7E43 /* background_gradient_view.h in Headers */,
				3A9291A61229BEE900DA7E43 /* hover_button.h in Headers */,
				3A9291A71229BEE900DA7E43 /* hover_close_button.h in Headers */,
				3A9291A81229BEE900DA7E43 /* new_tab_button.h in Headers */,
				3A9291A91229BEE900DA7E43 /* fast_resize_view.h in Headers */,
				3A9291AA1229BF0100DA7E43 /* NSPasteboard+Utils.h in Headers */,
				3A9291AB1229BF0100DA7E43 /* NSScreen+Utils.h in Headers */,
				3A9291AC1229BF0100DA7E43 /* NSString+Utils.h in Headers */,
				3A9291AD1229BF0100DA7E43 /* NSURL+Utils.h in Headers */,
				3A9291AE1229BF0100DA7E43 /* NSWorkspace+Utils.h in Headers */,
				3A9291AF1229BF0100DA7E43 /* GTMDefines.h in Headers */,
				3A9291B01229BF0100DA7E43 /* GTMGarbageCollection.h in Headers */,
				3A9291B11229BF0100DA7E43 /* GTMNSBezierPath+CGPath.h in Headers */,
				3A9291B21229BF0100DA7E43 /* GTMNSAnimation+Duration.h in Headers */,
				3A9291B31229BF0100DA7E43 /* GTMNSColor+Luminance.h in Headers */,
				3A9291B41229BF0100DA7E43 /* GTMWindowSheetController.h in Headers */,
				3A9291B51229BF0100DA7E43 /* GTMFadeTruncatingTextFieldCell.h in Headers */,
				3A9291B61229BF0100DA7E43 /* NSBezierPath+MCAdditions.h in Headers */,
				3ABF4A1912A4592A0020233C /* CTBrowserWindow.h in Headers */,
				3ABF4A8712A460DA0020233C /* CTBrowserFrameView.h in Headers */,
				3ABF4A8B12A461630020233C /* scoped_nsautorelease_pool.h in Headers */,
			);
			runOnlyForDeploymentPostprocessing = 0;
		};
/* End PBXHeadersBuildPhase section */

/* Begin PBXNativeTarget section */
		3A3ED9821225E27E009E2908 /* ChromiumTabs */ = {
			isa = PBXNativeTarget;
			buildConfigurationList = 3A3ED9871225E27F009E2908 /* Build configuration list for PBXNativeTarget "ChromiumTabs" */;
			buildPhases = (
				3A3ED97E1225E27E009E2908 /* Headers */,
				3A3ED97F1225E27E009E2908 /* Resources */,
				3A3ED9801225E27E009E2908 /* Sources */,
				3A3ED9811225E27E009E2908 /* Frameworks */,
			);
			buildRules = (
			);
			dependencies = (
			);
			name = ChromiumTabs;
			productName = ChromiumTabs;
			productReference = 3A3ED9831225E27E009E2908 /* ChromiumTabs.framework */;
			productType = "com.apple.product-type.framework";
		};
		8D1107260486CEB800E47090 /* Chromium Tabs */ = {
			isa = PBXNativeTarget;
			buildConfigurationList = C01FCF4A08A954540054247B /* Build configuration list for PBXNativeTarget "Chromium Tabs" */;
			buildPhases = (
				8D1107290486CEB800E47090 /* Resources */,
				8D11072C0486CEB800E47090 /* Sources */,
				8D11072E0486CEB800E47090 /* Frameworks */,
				3A286CE912229A3400F1BB78 /* Copy Frameworks */,
			);
			buildRules = (
			);
			dependencies = (
				3A3EDA551225EB02009E2908 /* PBXTargetDependency */,
			);
			name = "Chromium Tabs";
			productInstallPath = "$(HOME)/Applications";
			productName = "cocoa-chromium-tabs";
			productReference = 8D1107320486CEB800E47090 /* Chromium Tabs.app */;
			productType = "com.apple.product-type.application";
		};
/* End PBXNativeTarget section */

/* Begin PBXProject section */
		29B97313FDCFA39411CA2CEA /* Project object */ = {
			isa = PBXProject;
			attributes = {
				BuildIndependentTargetsInParallel = YES;
				LastUpgradeCheck = 0420;
			};
			buildConfigurationList = C01FCF4E08A954540054247B /* Build configuration list for PBXProject "chromium-tabs" */;
			compatibilityVersion = "Xcode 3.2";
			developmentRegion = English;
			hasScannedForEncodings = 1;
			knownRegions = (
				English,
				Japanese,
				French,
				German,
			);
			mainGroup = 29B97314FDCFA39411CA2CEA /* cocoa-chromium-tabs */;
			projectDirPath = "";
			projectRoot = "";
			targets = (
				3A3ED9821225E27E009E2908 /* ChromiumTabs */,
				8D1107260486CEB800E47090 /* Chromium Tabs */,
			);
		};
/* End PBXProject section */

/* Begin PBXResourcesBuildPhase section */
		3A3ED97F1225E27E009E2908 /* Resources */ = {
			isa = PBXResourcesBuildPhase;
			buildActionMask = 2147483647;
			files = (
				3A3ED9E81225E3C2009E2908 /* BrowserWindow.xib in Resources */,
				3A3ED9E91225E3C2009E2908 /* TabContents.xib in Resources */,
				3A3ED9EA1225E3C2009E2908 /* TabView.xib in Resources */,
				3A3ED9EB1225E3C2009E2908 /* newtab_h.pdf in Resources */,
				3A3ED9EC1225E3C2009E2908 /* newtab_p.pdf in Resources */,
				3A3ED9ED1225E3C2009E2908 /* newtab.pdf in Resources */,
				3A3ED9EE1225E3C2009E2908 /* default-icon.pdf in Resources */,
				3A3ED9EF1225E3C2009E2908 /* throbber_waiting.png in Resources */,
				3A3ED9F01225E3C2009E2908 /* sadfavicon.png in Resources */,
				3A3ED9F11225E3C2009E2908 /* throbber.png in Resources */,
				3A3EDAA91225F192009E2908 /* Localizable.strings in Resources */,
				3A92907612295BC400DA7E43 /* Toolbar.xib in Resources */,
			);
			runOnlyForDeploymentPostprocessing = 0;
		};
		8D1107290486CEB800E47090 /* Resources */ = {
			isa = PBXResourcesBuildPhase;
			buildActionMask = 2147483647;
			files = (
				3A3EDA7E1225EC13009E2908 /* MainMenu.xib in Resources */,
			);
			runOnlyForDeploymentPostprocessing = 0;
		};
/* End PBXResourcesBuildPhase section */

/* Begin PBXSourcesBuildPhase section */
		3A3ED9801225E27E009E2908 /* Sources */ = {
			isa = PBXSourcesBuildPhase;
			buildActionMask = 2147483647;
			files = (
				3A3ED9C11225E32A009E2908 /* common.c in Sources */,
				3A3ED9C21225E32A009E2908 /* common.mm in Sources */,
				3A3ED9C41225E32A009E2908 /* hover_close_button.mm in Sources */,
				3A3ED9C51225E32A009E2908 /* hover_button.mm in Sources */,
				3A3ED9C71225E32A009E2908 /* CTPageTransition.c in Sources */,
				3A3ED9C81225E32A009E2908 /* background_gradient_view.mm in Sources */,
				3A3ED9C91225E32A009E2908 /* CTTabController.mm in Sources */,
				3A3ED9CA1225E32A009E2908 /* CTTabView.mm in Sources */,
				3A3ED9CB1225E32A009E2908 /* CTTabWindowController.mm in Sources */,
				3A3ED9CC1225E32A009E2908 /* CTTabStripView.mm in Sources */,
				3A3ED9CE1225E32A009E2908 /* url_drop_target.mm in Sources */,
				3A3ED9CF1225E32A009E2908 /* throbber_view.mm in Sources */,
				3A3ED9D01225E32A009E2908 /* CTTabContents.mm in Sources */,
				3A3ED9D11225E32A009E2908 /* CTTabStripModel.mm in Sources */,
				3A3ED9D21225E32A009E2908 /* CTTabStripModelOrderController.mm in Sources */,
				3A3ED9D31225E32A009E2908 /* CTTabContentsController.mm in Sources */,
				3A3ED9D41225E32A009E2908 /* CTTabStripController.mm in Sources */,
				3A3ED9D51225E32A009E2908 /* new_tab_button.mm in Sources */,
				3A3ED9D61225E32A009E2908 /* CTTabStripModelObserverBridge.mm in Sources */,
				3A3ED9D71225E32A009E2908 /* CTBrowserWindowController.mm in Sources */,
				3A3ED9D81225E32A009E2908 /* fast_resize_view.mm in Sources */,
				3A3ED9D91225E32A009E2908 /* CTBrowser.mm in Sources */,
				3A3ED9DB1225E32A009E2908 /* GTMNSAnimation+Duration.m in Sources */,
				3A3ED9DC1225E32A009E2908 /* GTMNSColor+Luminance.m in Sources */,
				3A3ED9DD1225E32A009E2908 /* GTMWindowSheetController.m in Sources */,
				3A3ED9DE1225E32A009E2908 /* NSBezierPath+MCAdditions.m in Sources */,
				3A3ED9DF1225E32A009E2908 /* NSPasteboard+Utils.mm in Sources */,
				3A3ED9E01225E32A009E2908 /* NSScreen+Utils.m in Sources */,
				3A3ED9E11225E32A009E2908 /* NSString+Utils.mm in Sources */,
				3A3ED9E21225E32A009E2908 /* NSURL+Utils.m in Sources */,
				3A3ED9E31225E32A009E2908 /* NSWorkspace+Utils.m in Sources */,
				3A3ED9E41225E32A009E2908 /* GTMNSBezierPath+CGPath.m in Sources */,
				3A3ED9E51225E32A009E2908 /* GTMFadeTruncatingTextFieldCell.m in Sources */,
				3A3EDA9E1225EF84009E2908 /* CTUtil.m in Sources */,
				3A3EDAF51225FBFF009E2908 /* NSImage+CTAdditions.m in Sources */,
				3A929009122947A800DA7E43 /* CTToolbarView.mm in Sources */,
				3A92902412294CDC00DA7E43 /* NSWindow+CTThemed.mm in Sources */,
				3A92904712294F1900DA7E43 /* CTToolbarController.mm in Sources */,
				3ABF4A1A12A4592A0020233C /* CTBrowserWindow.mm in Sources */,
				3ABF4A8812A460DA0020233C /* CTBrowserFrameView.mm in Sources */,
				3ABF4A8C12A461630020233C /* scoped_nsautorelease_pool.mm in Sources */,
			);
			runOnlyForDeploymentPostprocessing = 0;
		};
		8D11072C0486CEB800E47090 /* Sources */ = {
			isa = PBXSourcesBuildPhase;
			buildActionMask = 2147483647;
			files = (
				3A3EDA7C1225EBFF009E2908 /* main.m in Sources */,
				3A3EDA7B1225EBFF009E2908 /* AppDelegate.mm in Sources */,
				3A928BBC1226F0AA00DA7E43 /* MyBrowser.mm in Sources */,
				3A928D0C12282DE500DA7E43 /* MyTabContents.mm in Sources */,
			);
			runOnlyForDeploymentPostprocessing = 0;
		};
/* End PBXSourcesBuildPhase section */

/* Begin PBXTargetDependency section */
		3A3EDA551225EB02009E2908 /* PBXTargetDependency */ = {
			isa = PBXTargetDependency;
			target = 3A3ED9821225E27E009E2908 /* ChromiumTabs */;
			targetProxy = 3A3EDA541225EB02009E2908 /* PBXContainerItemProxy */;
		};
/* End PBXTargetDependency section */

/* Begin PBXVariantGroup section */
		3A3EDA721225EBBB009E2908 /* InfoPlist.strings */ = {
			isa = PBXVariantGroup;
			children = (
				3A3EDA731225EBBB009E2908 /* English */,
			);
			name = InfoPlist.strings;
			sourceTree = "<group>";
		};
		3A3EDA741225EBBB009E2908 /* MainMenu.xib */ = {
			isa = PBXVariantGroup;
			children = (
				3A3EDA751225EBBB009E2908 /* English */,
			);
			name = MainMenu.xib;
			sourceTree = "<group>";
		};
		3A3EDAA71225F192009E2908 /* Localizable.strings */ = {
			isa = PBXVariantGroup;
			children = (
				3A3EDAA81225F192009E2908 /* English */,
			);
			name = Localizable.strings;
			sourceTree = "<group>";
		};
/* End PBXVariantGroup section */

/* Begin XCBuildConfiguration section */
		3A3ED9851225E27F009E2908 /* Debug */ = {
			isa = XCBuildConfiguration;
			buildSettings = {
				ALWAYS_SEARCH_USER_PATHS = NO;
				COPY_PHASE_STRIP = NO;
				DYLIB_COMPATIBILITY_VERSION = 1;
				DYLIB_CURRENT_VERSION = 1;
				FRAMEWORK_VERSION = A;
				GCC_DYNAMIC_NO_PIC = NO;
				GCC_ENABLE_OBJC_GC = supported;
				GCC_ENABLE_PASCAL_STRINGS = NO;
				GCC_MODEL_TUNING = G5;
				GCC_PRECOMPILE_PREFIX_HEADER = YES;
				GCC_PREFIX_HEADER = src/prefix.pch;
				GCC_VERSION = com.apple.compilers.llvm.clang.1_0;
				GCC_WARN_64_TO_32_BIT_CONVERSION = NO;
				GCC_WARN_EFFECTIVE_CPLUSPLUS_VIOLATIONS = NO;
				GCC_WARN_HIDDEN_VIRTUAL_FUNCTIONS = NO;
				GCC_WARN_INITIALIZER_NOT_FULLY_BRACKETED = YES;
				GCC_WARN_MISSING_PARENTHESES = YES;
				GCC_WARN_SHADOW = NO;
				GCC_WARN_UNUSED_FUNCTION = YES;
				HEADER_SEARCH_PATHS = src;
				INFOPLIST_FILE = "resources/ChromiumTabs-Info.plist";
				INSTALL_PATH = "@rpath";
				MACOSX_DEPLOYMENT_TARGET = 10.5;
				PRODUCT_NAME = ChromiumTabs;
				SDKROOT = macosx;
			};
			name = Debug;
		};
		3A3ED9861225E27F009E2908 /* Release */ = {
			isa = XCBuildConfiguration;
			buildSettings = {
				ALWAYS_SEARCH_USER_PATHS = NO;
				COPY_PHASE_STRIP = NO;
				DEPLOYMENT_POSTPROCESSING = NO;
				DYLIB_COMPATIBILITY_VERSION = 1;
				DYLIB_CURRENT_VERSION = 1;
				FRAMEWORK_VERSION = A;
				GCC_ENABLE_OBJC_GC = supported;
				GCC_ENABLE_PASCAL_STRINGS = NO;
				GCC_ENABLE_SSE3_EXTENSIONS = YES;
				GCC_ENABLE_SSE41_EXTENSIONS = YES;
				GCC_ENABLE_SSE42_EXTENSIONS = YES;
				GCC_MODEL_TUNING = G5;
				GCC_PRECOMPILE_PREFIX_HEADER = YES;
				GCC_PREFIX_HEADER = src/prefix.pch;
				GCC_PREPROCESSOR_DEFINITIONS = "NDEBUG=1";
				GCC_VERSION = com.apple.compilers.llvm.clang.1_0;
				GCC_WARN_64_TO_32_BIT_CONVERSION = NO;
				GCC_WARN_EFFECTIVE_CPLUSPLUS_VIOLATIONS = NO;
				GCC_WARN_HIDDEN_VIRTUAL_FUNCTIONS = NO;
				GCC_WARN_INITIALIZER_NOT_FULLY_BRACKETED = YES;
				GCC_WARN_MISSING_PARENTHESES = YES;
				GCC_WARN_SHADOW = NO;
				GCC_WARN_UNUSED_FUNCTION = YES;
				HEADER_SEARCH_PATHS = src;
				INFOPLIST_FILE = "resources/ChromiumTabs-Info.plist";
				INSTALL_PATH = "@rpath";
				MACOSX_DEPLOYMENT_TARGET = 10.5;
				OTHER_LDFLAGS = (
					"-framework",
					Foundation,
					"-framework",
					AppKit,
				);
				PRODUCT_NAME = ChromiumTabs;
				SDKROOT = macosx;
				ZERO_LINK = NO;
			};
			name = Release;
		};
		C01FCF4B08A954540054247B /* Debug */ = {
			isa = XCBuildConfiguration;
			buildSettings = {
				ALWAYS_SEARCH_USER_PATHS = NO;
				COPY_PHASE_STRIP = NO;
				FRAMEWORK_SEARCH_PATHS = "$(inherited)";
				GCC_CW_ASM_SYNTAX = NO;
				GCC_C_LANGUAGE_STANDARD = gnu99;
				GCC_DYNAMIC_NO_PIC = NO;
				GCC_ENABLE_PASCAL_STRINGS = NO;
				GCC_MODEL_TUNING = G5;
				GCC_OPTIMIZATION_LEVEL = 0;
				GCC_PRECOMPILE_PREFIX_HEADER = YES;
				GCC_PREFIX_HEADER = examples/prefix.pch;
				GCC_PREPROCESSOR_DEFINITIONS = (
					"\"V8_REPORT_EXECUTABLE_MEMORY_USAGE\"",
					"\"CHROMIUM_BUILD\"",
					"\"ENABLE_REMOTING=1\"",
					"\"ENABLE_GPU=1\"",
					"\"__STDC_FORMAT_MACROS\"",
					"\"DYNAMIC_ANNOTATIONS_ENABLED=1\"",
					"\"_DEBUG\"",
				);
				GCC_THREADSAFE_STATICS = NO;
				GCC_VERSION = com.apple.compilers.llvm.clang.1_0;
				INFOPLIST_FILE = "examples/simple-app/Info.plist";
				INSTALL_PATH = "$(HOME)/Applications";
				LD_RUNPATH_SEARCH_PATHS = "@loader_path/../Frameworks";
				MACOSX_DEPLOYMENT_TARGET = 10.5;
				OTHER_CPLUSPLUSFLAGS = (
					"-fvisibility=hidden",
					"$(OTHER_CFLAGS)",
				);
				PRODUCT_NAME = "Chromium Tabs";
				SDKROOT = macosx;
			};
			name = Debug;
		};
		C01FCF4C08A954540054247B /* Release */ = {
			isa = XCBuildConfiguration;
			buildSettings = {
				ALWAYS_SEARCH_USER_PATHS = NO;
				DEBUG_INFORMATION_FORMAT = dwarf;
				FRAMEWORK_SEARCH_PATHS = "$(inherited)";
				GCC_CW_ASM_SYNTAX = NO;
				GCC_C_LANGUAGE_STANDARD = gnu99;
				GCC_ENABLE_PASCAL_STRINGS = NO;
				GCC_MODEL_TUNING = G5;
				GCC_PRECOMPILE_PREFIX_HEADER = YES;
				GCC_PREFIX_HEADER = examples/prefix.pch;
				GCC_PREPROCESSOR_DEFINITIONS = (
					"\"V8_REPORT_EXECUTABLE_MEMORY_USAGE\"",
					"\"CHROMIUM_BUILD\"",
					"\"ENABLE_REMOTING=1\"",
					"\"ENABLE_GPU=1\"",
					"\"__STDC_FORMAT_MACROS\"",
					"\"NDEBUG\"",
					"\"NVALGRIND\"",
					"\"DYNAMIC_ANNOTATIONS_ENABLED=0\"",
				);
				GCC_THREADSAFE_STATICS = NO;
				GCC_VERSION = com.apple.compilers.llvm.clang.1_0;
				INFOPLIST_FILE = "examples/simple-app/Info.plist";
				INSTALL_PATH = "$(HOME)/Applications";
				LD_RUNPATH_SEARCH_PATHS = "@loader_path/../Frameworks";
				MACOSX_DEPLOYMENT_TARGET = 10.5;
				OTHER_CPLUSPLUSFLAGS = (
					"-fvisibility=hidden",
					"$(OTHER_CFLAGS)",
				);
				PRODUCT_NAME = "Chromium Tabs";
				SDKROOT = macosx;
			};
			name = Release;
		};
		C01FCF4F08A954540054247B /* Debug */ = {
			isa = XCBuildConfiguration;
			buildSettings = {
				ARCHS = "$(ARCHS_STANDARD_32_64_BIT)";
				GCC_C_LANGUAGE_STANDARD = gnu99;
				GCC_OPTIMIZATION_LEVEL = 0;
				GCC_WARN_ABOUT_RETURN_TYPE = YES;
				GCC_WARN_UNUSED_VARIABLE = YES;
				ONLY_ACTIVE_ARCH = YES;
				SDKROOT = macosx;
			};
			name = Debug;
		};
		C01FCF5008A954540054247B /* Release */ = {
			isa = XCBuildConfiguration;
			buildSettings = {
				ARCHS = "$(ARCHS_STANDARD_32_64_BIT)";
				GCC_C_LANGUAGE_STANDARD = gnu99;
				GCC_WARN_ABOUT_RETURN_TYPE = YES;
				GCC_WARN_UNUSED_VARIABLE = YES;
				SDKROOT = macosx;
			};
			name = Release;
		};
/* End XCBuildConfiguration section */

/* Begin XCConfigurationList section */
		3A3ED9871225E27F009E2908 /* Build configuration list for PBXNativeTarget "ChromiumTabs" */ = {
			isa = XCConfigurationList;
			buildConfigurations = (
				3A3ED9851225E27F009E2908 /* Debug */,
				3A3ED9861225E27F009E2908 /* Release */,
			);
			defaultConfigurationIsVisible = 0;
			defaultConfigurationName = Release;
		};
		C01FCF4A08A954540054247B /* Build configuration list for PBXNativeTarget "Chromium Tabs" */ = {
			isa = XCConfigurationList;
			buildConfigurations = (
				C01FCF4B08A954540054247B /* Debug */,
				C01FCF4C08A954540054247B /* Release */,
			);
			defaultConfigurationIsVisible = 0;
			defaultConfigurationName = Release;
		};
		C01FCF4E08A954540054247B /* Build configuration list for PBXProject "chromium-tabs" */ = {
			isa = XCConfigurationList;
			buildConfigurations = (
				C01FCF4F08A954540054247B /* Debug */,
				C01FCF5008A954540054247B /* Release */,
			);
			defaultConfigurationIsVisible = 0;
			defaultConfigurationName = Release;
		};
/* End XCConfigurationList section */
	};
	rootObject = 29B97313FDCFA39411CA2CEA /* Project object */;
}
