// !$*UTF8*$!
{
	archiveVersion = 1;
	classes = {
	};
	objectVersion = 45;
	objects = {

/* Begin PBXBuildFile section */
		1DDD58160DA1D0A300B32029 /* MainMenu.xib in Resources */ = {isa = PBXBuildFile; fileRef = 1DDD58140DA1D0A300B32029 /* MainMenu.xib */; };
		256AC3DA0F4B6AC300CF3369 /* AppDelegate.mm in Sources */ = {isa = PBXBuildFile; fileRef = 256AC3D90F4B6AC300CF3369 /* AppDelegate.mm */; };
		3A1168C51225405000757641 /* common.c in Sources */ = {isa = PBXBuildFile; fileRef = 3A1168C21225404F00757641 /* common.c */; };
		3A1168C61225405000757641 /* common.mm in Sources */ = {isa = PBXBuildFile; fileRef = 3A1168C41225404F00757641 /* common.mm */; };
		3A1CF96112235704008A3B8C /* BrowserWindowController.mm in Sources */ = {isa = PBXBuildFile; fileRef = 3A1CF96012235704008A3B8C /* BrowserWindowController.mm */; };
		3A1CF98912235CEE008A3B8C /* fast_resize_view.mm in Sources */ = {isa = PBXBuildFile; fileRef = 3A1CF98812235CEE008A3B8C /* fast_resize_view.mm */; };
		3A236D7B1223328D00D21E66 /* tab_strip_model_order_controller.mm in Sources */ = {isa = PBXBuildFile; fileRef = 3AEE19431222DC5B009DA438 /* tab_strip_model_order_controller.mm */; };
		3A236DA01223375D00D21E66 /* tab_contents_controller.mm in Sources */ = {isa = PBXBuildFile; fileRef = 3A236D9F1223375D00D21E66 /* tab_contents_controller.mm */; };
		3A236DA812233A2E00D21E66 /* tab_strip_controller.mm in Sources */ = {isa = PBXBuildFile; fileRef = 3A286FE31222D25400F1BB78 /* tab_strip_controller.mm */; };
		3A236E041223497500D21E66 /* new_tab_button.mm in Sources */ = {isa = PBXBuildFile; fileRef = 3A236DD81223414F00D21E66 /* new_tab_button.mm */; };
		3A236E07122349A500D21E66 /* tab_strip_model_observer_bridge.mm in Sources */ = {isa = PBXBuildFile; fileRef = 3A236DAE12233B3400D21E66 /* tab_strip_model_observer_bridge.mm */; };
		3A286E741222C09900F1BB78 /* tab_controller.mm in Sources */ = {isa = PBXBuildFile; fileRef = 3A3921F21221AF58006D8305 /* tab_controller.mm */; };
		3A286EA61222C8EA00F1BB78 /* Carbon.framework in Frameworks */ = {isa = PBXBuildFile; fileRef = 3A286EA51222C8EA00F1BB78 /* Carbon.framework */; };
		3A286F841222CA2300F1BB78 /* tab_view.mm in Sources */ = {isa = PBXBuildFile; fileRef = 3A39270B1221C566006D8305 /* tab_view.mm */; };
		3A286F931222CADC00F1BB78 /* themed_window.mm in Sources */ = {isa = PBXBuildFile; fileRef = 3A286F921222CADC00F1BB78 /* themed_window.mm */; };
		3A286FA11222CDBE00F1BB78 /* BrowserWindow.xib in Resources */ = {isa = PBXBuildFile; fileRef = 3A286F9E1222CDBE00F1BB78 /* BrowserWindow.xib */; };
		3A286FA21222CDBE00F1BB78 /* TabContents.xib in Resources */ = {isa = PBXBuildFile; fileRef = 3A286F9F1222CDBE00F1BB78 /* TabContents.xib */; };
		3A286FA31222CDBE00F1BB78 /* TabView.xib in Resources */ = {isa = PBXBuildFile; fileRef = 3A286FA01222CDBE00F1BB78 /* TabView.xib */; };
		3A286FAE1222CFC200F1BB78 /* tab_window_controller.mm in Sources */ = {isa = PBXBuildFile; fileRef = 3A286F8E1222CAA000F1BB78 /* tab_window_controller.mm */; };
		3A286FB51222D05400F1BB78 /* tab_strip_view.mm in Sources */ = {isa = PBXBuildFile; fileRef = 3A286F8C1222CAA000F1BB78 /* tab_strip_view.mm */; };
		3A286FC21222D10700F1BB78 /* url_drop_target.mm in Sources */ = {isa = PBXBuildFile; fileRef = 3A286FC11222D10700F1BB78 /* url_drop_target.mm */; };
		3A286FE91222D53500F1BB78 /* throbber_view.mm in Sources */ = {isa = PBXBuildFile; fileRef = 3A286FE81222D53500F1BB78 /* throbber_view.mm */; };
		3A286FED1222D61900F1BB78 /* newtab_h.pdf in Resources */ = {isa = PBXBuildFile; fileRef = 3A286FEA1222D61900F1BB78 /* newtab_h.pdf */; };
		3A286FEE1222D61900F1BB78 /* newtab_p.pdf in Resources */ = {isa = PBXBuildFile; fileRef = 3A286FEB1222D61900F1BB78 /* newtab_p.pdf */; };
		3A286FEF1222D61900F1BB78 /* newtab.pdf in Resources */ = {isa = PBXBuildFile; fileRef = 3A286FEC1222D61900F1BB78 /* newtab.pdf */; };
		3A286FF81222D85300F1BB78 /* nav.pdf in Resources */ = {isa = PBXBuildFile; fileRef = 3A286FF71222D85300F1BB78 /* nav.pdf */; };
		3A286FFC1222D94600F1BB78 /* throbber_waiting.png in Resources */ = {isa = PBXBuildFile; fileRef = 3A286FFA1222D94600F1BB78 /* throbber_waiting.png */; };
		3A286FFE1222D99B00F1BB78 /* sadfavicon.png in Resources */ = {isa = PBXBuildFile; fileRef = 3A286FFD1222D99B00F1BB78 /* sadfavicon.png */; };
		3A3921DC1221AA4B006D8305 /* page_transition_types.cc in Sources */ = {isa = PBXBuildFile; fileRef = 3A3921DA1221AA4B006D8305 /* page_transition_types.cc */; };
		3A3921F61221AF68006D8305 /* hover_button.mm in Sources */ = {isa = PBXBuildFile; fileRef = 3A3921EE1221AF58006D8305 /* hover_button.mm */; };
		3A3922201221B212006D8305 /* hover_close_button.mm in Sources */ = {isa = PBXBuildFile; fileRef = 3A3921F01221AF58006D8305 /* hover_close_button.mm */; };
		3A3927131221C596006D8305 /* background_gradient_view.mm in Sources */ = {isa = PBXBuildFile; fileRef = 3A3927121221C596006D8305 /* background_gradient_view.mm */; };
		3A3ED35112256F06009E2908 /* throbber.png in Resources */ = {isa = PBXBuildFile; fileRef = 3A3ED35012256F06009E2908 /* throbber.png */; };
		3A3ED68D1225CE7A009E2908 /* dynamic_annotations.c in Sources */ = {isa = PBXBuildFile; fileRef = 3A3ED6771225CE7A009E2908 /* dynamic_annotations.c */; };
		3A3ED6921225CE7A009E2908 /* GTMNSAnimation+Duration.m in Sources */ = {isa = PBXBuildFile; fileRef = 3A3ED6821225CE7A009E2908 /* GTMNSAnimation+Duration.m */; };
		3A3ED6931225CE7A009E2908 /* GTMNSColor+Luminance.m in Sources */ = {isa = PBXBuildFile; fileRef = 3A3ED6841225CE7A009E2908 /* GTMNSColor+Luminance.m */; };
		3A3ED6941225CE7A009E2908 /* GTMWindowSheetController.m in Sources */ = {isa = PBXBuildFile; fileRef = 3A3ED6861225CE7A009E2908 /* GTMWindowSheetController.m */; };
		3A3ED6961225CE7A009E2908 /* NSBezierPath+MCAdditions.m in Sources */ = {isa = PBXBuildFile; fileRef = 3A3ED68A1225CE7A009E2908 /* NSBezierPath+MCAdditions.m */; };
		3A3ED6AD1225CEB1009E2908 /* NSPasteboard+Utils.mm in Sources */ = {isa = PBXBuildFile; fileRef = 3A3ED6A21225CEB1009E2908 /* NSPasteboard+Utils.mm */; };
		3A3ED6AE1225CEB1009E2908 /* NSScreen+Utils.m in Sources */ = {isa = PBXBuildFile; fileRef = 3A3ED6A41225CEB1009E2908 /* NSScreen+Utils.m */; };
		3A3ED6AF1225CEB1009E2908 /* NSString+Utils.mm in Sources */ = {isa = PBXBuildFile; fileRef = 3A3ED6A61225CEB1009E2908 /* NSString+Utils.mm */; };
		3A3ED6B01225CEB1009E2908 /* NSURL+Utils.m in Sources */ = {isa = PBXBuildFile; fileRef = 3A3ED6A81225CEB1009E2908 /* NSURL+Utils.m */; };
		3A3ED6B11225CEB1009E2908 /* NSWorkspace+Utils.m in Sources */ = {isa = PBXBuildFile; fileRef = 3A3ED6AA1225CEB1009E2908 /* NSWorkspace+Utils.m */; };
		3A3ED74E1225DDBE009E2908 /* GTMNSBezierPath+CGPath.m in Sources */ = {isa = PBXBuildFile; fileRef = 3A3ED74D1225DDBE009E2908 /* GTMNSBezierPath+CGPath.m */; };
		3A3ED7691225DF06009E2908 /* GTMFadeTruncatingTextFieldCell.m in Sources */ = {isa = PBXBuildFile; fileRef = 3A3ED7681225DF06009E2908 /* GTMFadeTruncatingTextFieldCell.m */; };
		3A3ED8A71225DF45009E2908 /* Cocoa.framework in Frameworks */ = {isa = PBXBuildFile; fileRef = 1058C7A1FEA54F0111CA2CBB /* Cocoa.framework */; };
		3AA7188B122479CE005022BE /* Browser.mm in Sources */ = {isa = PBXBuildFile; fileRef = 3AA7188A122479CE005022BE /* Browser.mm */; };
		3AEE19451222DC5B009DA438 /* tab_strip_model.mm in Sources */ = {isa = PBXBuildFile; fileRef = 3AEE19411222DC5B009DA438 /* tab_strip_model.mm */; };
		3AEE19541222DDEB009DA438 /* TabContents.mm in Sources */ = {isa = PBXBuildFile; fileRef = 3AEE19531222DDEB009DA438 /* TabContents.mm */; };
		8D11072B0486CEB800E47090 /* InfoPlist.strings in Resources */ = {isa = PBXBuildFile; fileRef = 089C165CFE840E0CC02AAC07 /* InfoPlist.strings */; };
		8D11072D0486CEB800E47090 /* main.m in Sources */ = {isa = PBXBuildFile; fileRef = 29B97316FDCFA39411CA2CEA /* main.m */; settings = {ATTRIBUTES = (); }; };
/* End PBXBuildFile section */

/* Begin PBXCopyFilesBuildPhase section */
		3A286CE912229A3400F1BB78 /* Copy Frameworks */ = {
			isa = PBXCopyFilesBuildPhase;
			buildActionMask = 2147483647;
			dstPath = "";
			dstSubfolderSpec = 10;
			files = (
			);
			name = "Copy Frameworks";
			runOnlyForDeploymentPostprocessing = 0;
		};
/* End PBXCopyFilesBuildPhase section */

/* Begin PBXFileReference section */
		089C165DFE840E0CC02AAC07 /* InfoPlist.strings */ = {isa = PBXFileReference; fileEncoding = 4; lastKnownFileType = text.plist.strings; name = InfoPlist.strings; path = English.lproj/InfoPlist.strings; sourceTree = "<group>"; };
		1058C7A1FEA54F0111CA2CBB /* Cocoa.framework */ = {isa = PBXFileReference; lastKnownFileType = wrapper.framework; name = Cocoa.framework; path = /System/Library/Frameworks/Cocoa.framework; sourceTree = "<absolute>"; };
		1DDD58150DA1D0A300B32029 /* MainMenu.xib */ = {isa = PBXFileReference; lastKnownFileType = file.xib; name = MainMenu.xib; path = English.lproj/MainMenu.xib; sourceTree = "<group>"; };
		256AC3D80F4B6AC300CF3369 /* AppDelegate.h */ = {isa = PBXFileReference; fileEncoding = 4; lastKnownFileType = sourcecode.c.h; path = AppDelegate.h; sourceTree = "<group>"; };
		256AC3D90F4B6AC300CF3369 /* AppDelegate.mm */ = {isa = PBXFileReference; fileEncoding = 4; lastKnownFileType = sourcecode.cpp.objcpp; path = AppDelegate.mm; sourceTree = "<group>"; };
		256AC3F00F4B6AF500CF3369 /* prefix.pch */ = {isa = PBXFileReference; fileEncoding = 4; lastKnownFileType = sourcecode.c.h; path = prefix.pch; sourceTree = "<group>"; };
		29B97316FDCFA39411CA2CEA /* main.m */ = {isa = PBXFileReference; fileEncoding = 4; lastKnownFileType = sourcecode.c.objc; path = main.m; sourceTree = "<group>"; };
		29B97324FDCFA39411CA2CEA /* AppKit.framework */ = {isa = PBXFileReference; lastKnownFileType = wrapper.framework; name = AppKit.framework; path = /System/Library/Frameworks/AppKit.framework; sourceTree = "<absolute>"; };
		29B97325FDCFA39411CA2CEA /* Foundation.framework */ = {isa = PBXFileReference; lastKnownFileType = wrapper.framework; name = Foundation.framework; path = /System/Library/Frameworks/Foundation.framework; sourceTree = "<absolute>"; };
		3A1168C21225404F00757641 /* common.c */ = {isa = PBXFileReference; fileEncoding = 4; lastKnownFileType = sourcecode.c.c; path = common.c; sourceTree = "<group>"; };
		3A1168C31225404F00757641 /* common.h */ = {isa = PBXFileReference; fileEncoding = 4; lastKnownFileType = sourcecode.c.h; path = common.h; sourceTree = "<group>"; };
		3A1168C41225404F00757641 /* common.mm */ = {isa = PBXFileReference; fileEncoding = 4; lastKnownFileType = sourcecode.cpp.objcpp; path = common.mm; sourceTree = "<group>"; };
		3A1168D6122543A900757641 /* BrowserCommands.h */ = {isa = PBXFileReference; fileEncoding = 4; lastKnownFileType = sourcecode.c.h; path = BrowserCommands.h; sourceTree = "<group>"; };
		3A1CF94912235277008A3B8C /* TabStripModelDelegate.h */ = {isa = PBXFileReference; fileEncoding = 4; lastKnownFileType = sourcecode.c.h; path = TabStripModelDelegate.h; sourceTree = "<group>"; };
		3A1CF95F12235704008A3B8C /* BrowserWindowController.h */ = {isa = PBXFileReference; fileEncoding = 4; lastKnownFileType = sourcecode.c.h; path = BrowserWindowController.h; sourceTree = "<group>"; };
		3A1CF96012235704008A3B8C /* BrowserWindowController.mm */ = {isa = PBXFileReference; fileEncoding = 4; lastKnownFileType = sourcecode.cpp.objcpp; path = BrowserWindowController.mm; sourceTree = "<group>"; };
		3A1CF98712235CEE008A3B8C /* fast_resize_view.h */ = {isa = PBXFileReference; fileEncoding = 4; lastKnownFileType = sourcecode.c.h; path = fast_resize_view.h; sourceTree = "<group>"; };
		3A1CF98812235CEE008A3B8C /* fast_resize_view.mm */ = {isa = PBXFileReference; fileEncoding = 4; lastKnownFileType = sourcecode.cpp.objcpp; path = fast_resize_view.mm; sourceTree = "<group>"; };
		3A236D9E1223375D00D21E66 /* tab_contents_controller.h */ = {isa = PBXFileReference; fileEncoding = 4; lastKnownFileType = sourcecode.c.h; path = tab_contents_controller.h; sourceTree = "<group>"; };
		3A236D9F1223375D00D21E66 /* tab_contents_controller.mm */ = {isa = PBXFileReference; fileEncoding = 4; lastKnownFileType = sourcecode.cpp.objcpp; path = tab_contents_controller.mm; sourceTree = "<group>"; };
		3A236DAD12233B3400D21E66 /* tab_strip_model_observer_bridge.h */ = {isa = PBXFileReference; fileEncoding = 4; lastKnownFileType = sourcecode.c.h; path = tab_strip_model_observer_bridge.h; sourceTree = "<group>"; };
		3A236DAE12233B3400D21E66 /* tab_strip_model_observer_bridge.mm */ = {isa = PBXFileReference; fileEncoding = 4; lastKnownFileType = sourcecode.cpp.objcpp; path = tab_strip_model_observer_bridge.mm; sourceTree = "<group>"; };
		3A236DD71223414F00D21E66 /* new_tab_button.h */ = {isa = PBXFileReference; fileEncoding = 4; lastKnownFileType = sourcecode.c.h; path = new_tab_button.h; sourceTree = "<group>"; };
		3A236DD81223414F00D21E66 /* new_tab_button.mm */ = {isa = PBXFileReference; fileEncoding = 4; lastKnownFileType = sourcecode.cpp.objcpp; path = new_tab_button.mm; sourceTree = "<group>"; };
		3A286E8C1222C63D00F1BB78 /* tab_controller_target.h */ = {isa = PBXFileReference; fileEncoding = 4; lastKnownFileType = sourcecode.c.h; path = tab_controller_target.h; sourceTree = "<group>"; };
		3A286EA51222C8EA00F1BB78 /* Carbon.framework */ = {isa = PBXFileReference; lastKnownFileType = wrapper.framework; name = Carbon.framework; path = System/Library/Frameworks/Carbon.framework; sourceTree = SDKROOT; };
		3A286F8B1222CAA000F1BB78 /* tab_strip_view.h */ = {isa = PBXFileReference; fileEncoding = 4; lastKnownFileType = sourcecode.c.h; path = tab_strip_view.h; sourceTree = "<group>"; };
		3A286F8C1222CAA000F1BB78 /* tab_strip_view.mm */ = {isa = PBXFileReference; fileEncoding = 4; lastKnownFileType = sourcecode.cpp.objcpp; path = tab_strip_view.mm; sourceTree = "<group>"; };
		3A286F8D1222CAA000F1BB78 /* tab_window_controller.h */ = {isa = PBXFileReference; fileEncoding = 4; lastKnownFileType = sourcecode.c.h; path = tab_window_controller.h; sourceTree = "<group>"; };
		3A286F8E1222CAA000F1BB78 /* tab_window_controller.mm */ = {isa = PBXFileReference; fileEncoding = 4; lastKnownFileType = sourcecode.cpp.objcpp; path = tab_window_controller.mm; sourceTree = "<group>"; };
		3A286F911222CADC00F1BB78 /* themed_window.h */ = {isa = PBXFileReference; fileEncoding = 4; lastKnownFileType = sourcecode.c.h; path = themed_window.h; sourceTree = "<group>"; };
		3A286F921222CADC00F1BB78 /* themed_window.mm */ = {isa = PBXFileReference; fileEncoding = 4; lastKnownFileType = sourcecode.cpp.objcpp; path = themed_window.mm; sourceTree = "<group>"; };
		3A286F9E1222CDBE00F1BB78 /* BrowserWindow.xib */ = {isa = PBXFileReference; lastKnownFileType = file.xib; path = BrowserWindow.xib; sourceTree = "<group>"; };
		3A286F9F1222CDBE00F1BB78 /* TabContents.xib */ = {isa = PBXFileReference; lastKnownFileType = file.xib; path = TabContents.xib; sourceTree = "<group>"; };
		3A286FA01222CDBE00F1BB78 /* TabView.xib */ = {isa = PBXFileReference; lastKnownFileType = file.xib; path = TabView.xib; sourceTree = "<group>"; };
		3A286FC01222D10700F1BB78 /* url_drop_target.h */ = {isa = PBXFileReference; fileEncoding = 4; lastKnownFileType = sourcecode.c.h; path = url_drop_target.h; sourceTree = "<group>"; };
		3A286FC11222D10700F1BB78 /* url_drop_target.mm */ = {isa = PBXFileReference; fileEncoding = 4; lastKnownFileType = sourcecode.cpp.objcpp; path = url_drop_target.mm; sourceTree = "<group>"; };
		3A286FE21222D25400F1BB78 /* tab_strip_controller.h */ = {isa = PBXFileReference; fileEncoding = 4; lastKnownFileType = sourcecode.c.h; path = tab_strip_controller.h; sourceTree = "<group>"; };
		3A286FE31222D25400F1BB78 /* tab_strip_controller.mm */ = {isa = PBXFileReference; fileEncoding = 4; lastKnownFileType = sourcecode.cpp.objcpp; path = tab_strip_controller.mm; sourceTree = "<group>"; };
		3A286FE71222D53500F1BB78 /* throbber_view.h */ = {isa = PBXFileReference; fileEncoding = 4; lastKnownFileType = sourcecode.c.h; path = throbber_view.h; sourceTree = "<group>"; };
		3A286FE81222D53500F1BB78 /* throbber_view.mm */ = {isa = PBXFileReference; fileEncoding = 4; lastKnownFileType = sourcecode.cpp.objcpp; path = throbber_view.mm; sourceTree = "<group>"; };
		3A286FEA1222D61900F1BB78 /* newtab_h.pdf */ = {isa = PBXFileReference; lastKnownFileType = image.pdf; name = newtab_h.pdf; path = gfx/newtab_h.pdf; sourceTree = "<group>"; };
		3A286FEB1222D61900F1BB78 /* newtab_p.pdf */ = {isa = PBXFileReference; lastKnownFileType = image.pdf; name = newtab_p.pdf; path = gfx/newtab_p.pdf; sourceTree = "<group>"; };
		3A286FEC1222D61900F1BB78 /* newtab.pdf */ = {isa = PBXFileReference; lastKnownFileType = image.pdf; name = newtab.pdf; path = gfx/newtab.pdf; sourceTree = "<group>"; };
		3A286FF71222D85300F1BB78 /* nav.pdf */ = {isa = PBXFileReference; lastKnownFileType = image.pdf; name = nav.pdf; path = gfx/nav.pdf; sourceTree = "<group>"; };
		3A286FFA1222D94600F1BB78 /* throbber_waiting.png */ = {isa = PBXFileReference; lastKnownFileType = image.png; name = throbber_waiting.png; path = gfx/throbber_waiting.png; sourceTree = "<group>"; };
		3A286FFD1222D99B00F1BB78 /* sadfavicon.png */ = {isa = PBXFileReference; lastKnownFileType = image.png; name = sadfavicon.png; path = gfx/sadfavicon.png; sourceTree = "<group>"; };
		3A3921DA1221AA4B006D8305 /* page_transition_types.cc */ = {isa = PBXFileReference; fileEncoding = 4; lastKnownFileType = sourcecode.cpp.cpp; path = page_transition_types.cc; sourceTree = "<group>"; };
		3A3921DB1221AA4B006D8305 /* page_transition_types.h */ = {isa = PBXFileReference; fileEncoding = 4; lastKnownFileType = sourcecode.c.h; path = page_transition_types.h; sourceTree = "<group>"; };
		3A3921ED1221AF58006D8305 /* hover_button.h */ = {isa = PBXFileReference; explicitFileType = sourcecode.cpp.h; fileEncoding = 4; path = hover_button.h; sourceTree = "<group>"; };
		3A3921EE1221AF58006D8305 /* hover_button.mm */ = {isa = PBXFileReference; fileEncoding = 4; lastKnownFileType = sourcecode.cpp.objcpp; path = hover_button.mm; sourceTree = "<group>"; };
		3A3921EF1221AF58006D8305 /* hover_close_button.h */ = {isa = PBXFileReference; explicitFileType = sourcecode.cpp.h; fileEncoding = 4; path = hover_close_button.h; sourceTree = "<group>"; };
		3A3921F01221AF58006D8305 /* hover_close_button.mm */ = {isa = PBXFileReference; fileEncoding = 4; lastKnownFileType = sourcecode.cpp.objcpp; path = hover_close_button.mm; sourceTree = "<group>"; };
		3A3921F11221AF58006D8305 /* tab_controller.h */ = {isa = PBXFileReference; explicitFileType = sourcecode.cpp.h; fileEncoding = 4; path = tab_controller.h; sourceTree = "<group>"; };
		3A3921F21221AF58006D8305 /* tab_controller.mm */ = {isa = PBXFileReference; fileEncoding = 4; lastKnownFileType = sourcecode.cpp.objcpp; path = tab_controller.mm; sourceTree = "<group>"; };
		3A39270A1221C566006D8305 /* tab_view.h */ = {isa = PBXFileReference; explicitFileType = sourcecode.cpp.h; fileEncoding = 4; path = tab_view.h; sourceTree = "<group>"; };
		3A39270B1221C566006D8305 /* tab_view.mm */ = {isa = PBXFileReference; fileEncoding = 4; lastKnownFileType = sourcecode.cpp.objcpp; path = tab_view.mm; sourceTree = "<group>"; };
		3A3927111221C596006D8305 /* background_gradient_view.h */ = {isa = PBXFileReference; explicitFileType = sourcecode.cpp.h; fileEncoding = 4; path = background_gradient_view.h; sourceTree = "<group>"; };
		3A3927121221C596006D8305 /* background_gradient_view.mm */ = {isa = PBXFileReference; explicitFileType = sourcecode.cpp.objcpp; fileEncoding = 4; path = background_gradient_view.mm; sourceTree = "<group>"; };
		3A3ED35012256F06009E2908 /* throbber.png */ = {isa = PBXFileReference; lastKnownFileType = image.png; name = throbber.png; path = gfx/throbber.png; sourceTree = "<group>"; };
		3A3ED6421225C817009E2908 /* basictypes.h */ = {isa = PBXFileReference; fileEncoding = 4; lastKnownFileType = sourcecode.c.h; name = basictypes.h; path = base/basictypes.h; sourceTree = "<group>"; };
		3A3ED64C1225C93E009E2908 /* scoped_nsdisable_screen_updates.h */ = {isa = PBXFileReference; fileEncoding = 4; lastKnownFileType = sourcecode.c.h; name = scoped_nsdisable_screen_updates.h; path = base/scoped_nsdisable_screen_updates.h; sourceTree = "<group>"; };
		3A3ED64D1225C93E009E2908 /* scoped_nsobject.h */ = {isa = PBXFileReference; fileEncoding = 4; lastKnownFileType = sourcecode.c.h; name = scoped_nsobject.h; path = base/scoped_nsobject.h; sourceTree = "<group>"; };
		3A3ED6551225CA89009E2908 /* scoped_cftyperef.h */ = {isa = PBXFileReference; fileEncoding = 4; lastKnownFileType = sourcecode.c.h; name = scoped_cftyperef.h; path = base/scoped_cftyperef.h; sourceTree = "<group>"; };
		3A3ED6601225CB0E009E2908 /* cocoa_protocols_mac.h */ = {isa = PBXFileReference; fileEncoding = 4; lastKnownFileType = sourcecode.c.h; name = cocoa_protocols_mac.h; path = base/cocoa_protocols_mac.h; sourceTree = "<group>"; };
		3A3ED6771225CE7A009E2908 /* dynamic_annotations.c */ = {isa = PBXFileReference; fileEncoding = 4; lastKnownFileType = sourcecode.c.c; path = dynamic_annotations.c; sourceTree = "<group>"; };
		3A3ED6791225CE7A009E2908 /* dynamic_annotations.h */ = {isa = PBXFileReference; fileEncoding = 4; lastKnownFileType = sourcecode.c.h; path = dynamic_annotations.h; sourceTree = "<group>"; };
		3A3ED6811225CE7A009E2908 /* GTMNSAnimation+Duration.h */ = {isa = PBXFileReference; fileEncoding = 4; lastKnownFileType = sourcecode.c.h; path = "GTMNSAnimation+Duration.h"; sourceTree = "<group>"; };
		3A3ED6821225CE7A009E2908 /* GTMNSAnimation+Duration.m */ = {isa = PBXFileReference; fileEncoding = 4; lastKnownFileType = sourcecode.c.objc; path = "GTMNSAnimation+Duration.m"; sourceTree = "<group>"; };
		3A3ED6831225CE7A009E2908 /* GTMNSColor+Luminance.h */ = {isa = PBXFileReference; fileEncoding = 4; lastKnownFileType = sourcecode.c.h; path = "GTMNSColor+Luminance.h"; sourceTree = "<group>"; };
		3A3ED6841225CE7A009E2908 /* GTMNSColor+Luminance.m */ = {isa = PBXFileReference; fileEncoding = 4; lastKnownFileType = sourcecode.c.objc; path = "GTMNSColor+Luminance.m"; sourceTree = "<group>"; };
		3A3ED6851225CE7A009E2908 /* GTMWindowSheetController.h */ = {isa = PBXFileReference; fileEncoding = 4; lastKnownFileType = sourcecode.c.h; path = GTMWindowSheetController.h; sourceTree = "<group>"; };
		3A3ED6861225CE7A009E2908 /* GTMWindowSheetController.m */ = {isa = PBXFileReference; fileEncoding = 4; lastKnownFileType = sourcecode.c.objc; path = GTMWindowSheetController.m; sourceTree = "<group>"; };
		3A3ED6891225CE7A009E2908 /* NSBezierPath+MCAdditions.h */ = {isa = PBXFileReference; fileEncoding = 4; lastKnownFileType = sourcecode.c.h; path = "NSBezierPath+MCAdditions.h"; sourceTree = "<group>"; };
		3A3ED68A1225CE7A009E2908 /* NSBezierPath+MCAdditions.m */ = {isa = PBXFileReference; fileEncoding = 4; lastKnownFileType = sourcecode.c.objc; path = "NSBezierPath+MCAdditions.m"; sourceTree = "<group>"; };
		3A3ED6A11225CEB1009E2908 /* NSPasteboard+Utils.h */ = {isa = PBXFileReference; fileEncoding = 4; lastKnownFileType = sourcecode.c.h; path = "NSPasteboard+Utils.h"; sourceTree = "<group>"; };
		3A3ED6A21225CEB1009E2908 /* NSPasteboard+Utils.mm */ = {isa = PBXFileReference; fileEncoding = 4; lastKnownFileType = sourcecode.cpp.objcpp; path = "NSPasteboard+Utils.mm"; sourceTree = "<group>"; };
		3A3ED6A31225CEB1009E2908 /* NSScreen+Utils.h */ = {isa = PBXFileReference; fileEncoding = 4; lastKnownFileType = sourcecode.c.h; path = "NSScreen+Utils.h"; sourceTree = "<group>"; };
		3A3ED6A41225CEB1009E2908 /* NSScreen+Utils.m */ = {isa = PBXFileReference; fileEncoding = 4; lastKnownFileType = sourcecode.c.objc; path = "NSScreen+Utils.m"; sourceTree = "<group>"; };
		3A3ED6A51225CEB1009E2908 /* NSString+Utils.h */ = {isa = PBXFileReference; fileEncoding = 4; lastKnownFileType = sourcecode.c.h; path = "NSString+Utils.h"; sourceTree = "<group>"; };
		3A3ED6A61225CEB1009E2908 /* NSString+Utils.mm */ = {isa = PBXFileReference; fileEncoding = 4; lastKnownFileType = sourcecode.cpp.objcpp; path = "NSString+Utils.mm"; sourceTree = "<group>"; };
		3A3ED6A71225CEB1009E2908 /* NSURL+Utils.h */ = {isa = PBXFileReference; fileEncoding = 4; lastKnownFileType = sourcecode.c.h; path = "NSURL+Utils.h"; sourceTree = "<group>"; };
		3A3ED6A81225CEB1009E2908 /* NSURL+Utils.m */ = {isa = PBXFileReference; fileEncoding = 4; lastKnownFileType = sourcecode.c.objc; path = "NSURL+Utils.m"; sourceTree = "<group>"; };
		3A3ED6A91225CEB1009E2908 /* NSWorkspace+Utils.h */ = {isa = PBXFileReference; fileEncoding = 4; lastKnownFileType = sourcecode.c.h; path = "NSWorkspace+Utils.h"; sourceTree = "<group>"; };
		3A3ED6AA1225CEB1009E2908 /* NSWorkspace+Utils.m */ = {isa = PBXFileReference; fileEncoding = 4; lastKnownFileType = sourcecode.c.objc; path = "NSWorkspace+Utils.m"; sourceTree = "<group>"; };
		3A3ED6DE1225CFAD009E2908 /* observer_list.h */ = {isa = PBXFileReference; fileEncoding = 4; lastKnownFileType = sourcecode.c.h; name = observer_list.h; path = base/observer_list.h; sourceTree = "<group>"; };
		3A3ED7031225D6A3009E2908 /* scoped_ptr.h */ = {isa = PBXFileReference; fileEncoding = 4; lastKnownFileType = sourcecode.c.h; name = scoped_ptr.h; path = base/scoped_ptr.h; sourceTree = "<group>"; };
		3A3ED7061225D730009E2908 /* stl_util-inl.h */ = {isa = PBXFileReference; fileEncoding = 4; lastKnownFileType = sourcecode.c.h; name = "stl_util-inl.h"; path = "base/stl_util-inl.h"; sourceTree = "<group>"; };
		3A3ED7071225D7A6009E2908 /* build_config.h */ = {isa = PBXFileReference; fileEncoding = 4; lastKnownFileType = sourcecode.c.h; path = build_config.h; sourceTree = "<group>"; };
		3A3ED74B1225DDBE009E2908 /* GTMGarbageCollection.h */ = {isa = PBXFileReference; fileEncoding = 4; lastKnownFileType = sourcecode.c.h; path = GTMGarbageCollection.h; sourceTree = "<group>"; };
		3A3ED74C1225DDBE009E2908 /* GTMNSBezierPath+CGPath.h */ = {isa = PBXFileReference; fileEncoding = 4; lastKnownFileType = sourcecode.c.h; path = "GTMNSBezierPath+CGPath.h"; sourceTree = "<group>"; };
		3A3ED74D1225DDBE009E2908 /* GTMNSBezierPath+CGPath.m */ = {isa = PBXFileReference; fileEncoding = 4; lastKnownFileType = sourcecode.c.objc; path = "GTMNSBezierPath+CGPath.m"; sourceTree = "<group>"; };
		3A3ED74F1225DDF2009E2908 /* GTMDefines.h */ = {isa = PBXFileReference; fileEncoding = 4; lastKnownFileType = sourcecode.c.h; path = GTMDefines.h; sourceTree = "<group>"; };
		3A3ED7671225DF06009E2908 /* GTMFadeTruncatingTextFieldCell.h */ = {isa = PBXFileReference; fileEncoding = 4; lastKnownFileType = sourcecode.c.h; path = GTMFadeTruncatingTextFieldCell.h; sourceTree = "<group>"; };
		3A3ED7681225DF06009E2908 /* GTMFadeTruncatingTextFieldCell.m */ = {isa = PBXFileReference; fileEncoding = 4; lastKnownFileType = sourcecode.c.objc; path = GTMFadeTruncatingTextFieldCell.m; sourceTree = "<group>"; };
		3AA71889122479CE005022BE /* Browser.h */ = {isa = PBXFileReference; fileEncoding = 4; lastKnownFileType = sourcecode.c.h; path = Browser.h; sourceTree = "<group>"; };
		3AA7188A122479CE005022BE /* Browser.mm */ = {isa = PBXFileReference; fileEncoding = 4; lastKnownFileType = sourcecode.cpp.objcpp; path = Browser.mm; sourceTree = "<group>"; };
		3AA71A2D12252ECF005022BE /* WindowOpenDisposition.h */ = {isa = PBXFileReference; fileEncoding = 4; lastKnownFileType = sourcecode.c.h; path = WindowOpenDisposition.h; sourceTree = "<group>"; };
		3AEE19411222DC5B009DA438 /* tab_strip_model.mm */ = {isa = PBXFileReference; fileEncoding = 4; lastKnownFileType = sourcecode.cpp.objcpp; path = tab_strip_model.mm; sourceTree = "<group>"; };
		3AEE19421222DC5B009DA438 /* tab_strip_model.h */ = {isa = PBXFileReference; fileEncoding = 4; lastKnownFileType = sourcecode.c.h; path = tab_strip_model.h; sourceTree = "<group>"; };
		3AEE19431222DC5B009DA438 /* tab_strip_model_order_controller.mm */ = {isa = PBXFileReference; fileEncoding = 4; lastKnownFileType = sourcecode.cpp.objcpp; path = tab_strip_model_order_controller.mm; sourceTree = "<group>"; };
		3AEE19441222DC5B009DA438 /* tab_strip_model_order_controller.h */ = {isa = PBXFileReference; fileEncoding = 4; lastKnownFileType = sourcecode.c.h; path = tab_strip_model_order_controller.h; sourceTree = "<group>"; };
		3AEE19521222DDEB009DA438 /* TabContents.h */ = {isa = PBXFileReference; fileEncoding = 4; lastKnownFileType = sourcecode.c.h; path = TabContents.h; sourceTree = "<group>"; };
		3AEE19531222DDEB009DA438 /* TabContents.mm */ = {isa = PBXFileReference; fileEncoding = 4; lastKnownFileType = sourcecode.cpp.objcpp; path = TabContents.mm; sourceTree = "<group>"; };
		8D1107310486CEB800E47090 /* example-app-Info.plist */ = {isa = PBXFileReference; fileEncoding = 4; lastKnownFileType = text.plist.xml; path = "example-app-Info.plist"; sourceTree = "<group>"; };
		8D1107320486CEB800E47090 /* Chromium Tabs.app */ = {isa = PBXFileReference; explicitFileType = wrapper.application; includeInIndex = 0; path = "Chromium Tabs.app"; sourceTree = BUILT_PRODUCTS_DIR; };
/* End PBXFileReference section */

/* Begin PBXFrameworksBuildPhase section */
		8D11072E0486CEB800E47090 /* Frameworks */ = {
			isa = PBXFrameworksBuildPhase;
			buildActionMask = 2147483647;
			files = (
				3A3ED8A71225DF45009E2908 /* Cocoa.framework in Frameworks */,
				3A286EA61222C8EA00F1BB78 /* Carbon.framework in Frameworks */,
			);
			runOnlyForDeploymentPostprocessing = 0;
		};
/* End PBXFrameworksBuildPhase section */

/* Begin PBXGroup section */
		080E96DDFE201D6D7F000001 /* src */ = {
			isa = PBXGroup;
			children = (
				256AC3F00F4B6AF500CF3369 /* prefix.pch */,
				3A3ED7071225D7A6009E2908 /* build_config.h */,
				3A1168C31225404F00757641 /* common.h */,
				3A1168C21225404F00757641 /* common.c */,
				3A1168C41225404F00757641 /* common.mm */,
				29B97316FDCFA39411CA2CEA /* main.m */,
				3A1CF94912235277008A3B8C /* TabStripModelDelegate.h */,
				3AA71A2D12252ECF005022BE /* WindowOpenDisposition.h */,
				3A1168D6122543A900757641 /* BrowserCommands.h */,
				256AC3D80F4B6AC300CF3369 /* AppDelegate.h */,
				256AC3D90F4B6AC300CF3369 /* AppDelegate.mm */,
				3AA71889122479CE005022BE /* Browser.h */,
				3AA7188A122479CE005022BE /* Browser.mm */,
				3A1CF95F12235704008A3B8C /* BrowserWindowController.h */,
				3A1CF96012235704008A3B8C /* BrowserWindowController.mm */,
				3AEE19521222DDEB009DA438 /* TabContents.h */,
				3AEE19531222DDEB009DA438 /* TabContents.mm */,
				3A3921D81221AA4B006D8305 /* chrome */,
			);
			path = src;
			sourceTree = "<group>";
		};
		19C28FACFE9D520D11CA2CBB /* Products */ = {
			isa = PBXGroup;
			children = (
				8D1107320486CEB800E47090 /* Chromium Tabs.app */,
			);
			name = Products;
			sourceTree = "<group>";
		};
		29B97314FDCFA39411CA2CEA /* cocoa-chromium-tabs */ = {
			isa = PBXGroup;
			children = (
				080E96DDFE201D6D7F000001 /* src */,
				29B97317FDCFA39411CA2CEA /* resources */,
				29B97323FDCFA39411CA2CEA /* Frameworks */,
				19C28FACFE9D520D11CA2CBB /* Products */,
			);
			name = "cocoa-chromium-tabs";
			sourceTree = "<group>";
		};
		29B97317FDCFA39411CA2CEA /* resources */ = {
			isa = PBXGroup;
			children = (
				3A286FF01222D61D00F1BB78 /* gfx */,
				8D1107310486CEB800E47090 /* example-app-Info.plist */,
				089C165CFE840E0CC02AAC07 /* InfoPlist.strings */,
				1DDD58140DA1D0A300B32029 /* MainMenu.xib */,
				3A286F9E1222CDBE00F1BB78 /* BrowserWindow.xib */,
				3A286F9F1222CDBE00F1BB78 /* TabContents.xib */,
				3A286FA01222CDBE00F1BB78 /* TabView.xib */,
			);
			path = resources;
			sourceTree = "<group>";
		};
		29B97323FDCFA39411CA2CEA /* Frameworks */ = {
			isa = PBXGroup;
			children = (
				3A286EA51222C8EA00F1BB78 /* Carbon.framework */,
				1058C7A1FEA54F0111CA2CBB /* Cocoa.framework */,
				29B97324FDCFA39411CA2CEA /* AppKit.framework */,
				29B97325FDCFA39411CA2CEA /* Foundation.framework */,
			);
			name = Frameworks;
			sourceTree = "<group>";
		};
		3A286FF01222D61D00F1BB78 /* gfx */ = {
			isa = PBXGroup;
			children = (
				3A3ED35012256F06009E2908 /* throbber.png */,
				3A286FFD1222D99B00F1BB78 /* sadfavicon.png */,
				3A286FFA1222D94600F1BB78 /* throbber_waiting.png */,
				3A286FF71222D85300F1BB78 /* nav.pdf */,
				3A286FEA1222D61900F1BB78 /* newtab_h.pdf */,
				3A286FEB1222D61900F1BB78 /* newtab_p.pdf */,
				3A286FEC1222D61900F1BB78 /* newtab.pdf */,
			);
			name = gfx;
			sourceTree = "<group>";
		};
		3A3921D81221AA4B006D8305 /* chrome */ = {
			isa = PBXGroup;
			children = (
				3A3ED6741225CE7A009E2908 /* third_party */,
				3A3ED6391225C7E9009E2908 /* base */,
				3A3921EB1221AF58006D8305 /* browser */,
				3A3921D91221AA4B006D8305 /* common */,
			);
			path = chrome;
			sourceTree = "<group>";
		};
		3A3921D91221AA4B006D8305 /* common */ = {
			isa = PBXGroup;
			children = (
				3A3921DA1221AA4B006D8305 /* page_transition_types.cc */,
				3A3921DB1221AA4B006D8305 /* page_transition_types.h */,
			);
			path = common;
			sourceTree = "<group>";
		};
		3A3921EB1221AF58006D8305 /* browser */ = {
			isa = PBXGroup;
			children = (
				3AEE19401222DC5B009DA438 /* tabs */,
				3A3921EC1221AF58006D8305 /* cocoa */,
			);
			path = browser;
			sourceTree = "<group>";
		};
		3A3921EC1221AF58006D8305 /* cocoa */ = {
			isa = PBXGroup;
			children = (
				3A286FE71222D53500F1BB78 /* throbber_view.h */,
				3A286FE81222D53500F1BB78 /* throbber_view.mm */,
				3A286FC01222D10700F1BB78 /* url_drop_target.h */,
				3A286FC11222D10700F1BB78 /* url_drop_target.mm */,
				3A3927121221C596006D8305 /* background_gradient_view.mm */,
				3A3927111221C596006D8305 /* background_gradient_view.h */,
				3A3921ED1221AF58006D8305 /* hover_button.h */,
				3A3921EE1221AF58006D8305 /* hover_button.mm */,
				3A3921EF1221AF58006D8305 /* hover_close_button.h */,
				3A3921F01221AF58006D8305 /* hover_close_button.mm */,
				3A236DD71223414F00D21E66 /* new_tab_button.h */,
				3A236DD81223414F00D21E66 /* new_tab_button.mm */,
				3A286F911222CADC00F1BB78 /* themed_window.h */,
				3A286F921222CADC00F1BB78 /* themed_window.mm */,
				3A39270A1221C566006D8305 /* tab_view.h */,
				3A39270B1221C566006D8305 /* tab_view.mm */,
				3A3921F11221AF58006D8305 /* tab_controller.h */,
				3A286E8C1222C63D00F1BB78 /* tab_controller_target.h */,
				3A3921F21221AF58006D8305 /* tab_controller.mm */,
				3A236D9E1223375D00D21E66 /* tab_contents_controller.h */,
				3A236D9F1223375D00D21E66 /* tab_contents_controller.mm */,
				3A286F8B1222CAA000F1BB78 /* tab_strip_view.h */,
				3A286F8C1222CAA000F1BB78 /* tab_strip_view.mm */,
				3A286FE21222D25400F1BB78 /* tab_strip_controller.h */,
				3A286FE31222D25400F1BB78 /* tab_strip_controller.mm */,
				3A286F8D1222CAA000F1BB78 /* tab_window_controller.h */,
				3A286F8E1222CAA000F1BB78 /* tab_window_controller.mm */,
				3A236DAD12233B3400D21E66 /* tab_strip_model_observer_bridge.h */,
				3A236DAE12233B3400D21E66 /* tab_strip_model_observer_bridge.mm */,
				3A1CF98712235CEE008A3B8C /* fast_resize_view.h */,
				3A1CF98812235CEE008A3B8C /* fast_resize_view.mm */,
			);
			path = cocoa;
			sourceTree = "<group>";
		};
		3A3ED6391225C7E9009E2908 /* base */ = {
			isa = PBXGroup;
			children = (
				3A3ED6421225C817009E2908 /* basictypes.h */,
				3A3ED64D1225C93E009E2908 /* scoped_nsobject.h */,
				3A3ED6551225CA89009E2908 /* scoped_cftyperef.h */,
				3A3ED7031225D6A3009E2908 /* scoped_ptr.h */,
				3A3ED64C1225C93E009E2908 /* scoped_nsdisable_screen_updates.h */,
				3A3ED7061225D730009E2908 /* stl_util-inl.h */,
				3A3ED6601225CB0E009E2908 /* cocoa_protocols_mac.h */,
				3A3ED6DE1225CFAD009E2908 /* observer_list.h */,
			);
			name = base;
			sourceTree = "<group>";
		};
		3A3ED6741225CE7A009E2908 /* third_party */ = {
			isa = PBXGroup;
			children = (
				3A3ED69E1225CEB1009E2908 /* mozilla */,
				3A3ED6761225CE7A009E2908 /* dynamic_annotations */,
				3A3ED67F1225CE7A009E2908 /* gtm-subset */,
				3A3ED6871225CE7A009E2908 /* molokocacao */,
			);
			path = third_party;
			sourceTree = "<group>";
		};
		3A3ED6761225CE7A009E2908 /* dynamic_annotations */ = {
			isa = PBXGroup;
			children = (
				3A3ED6771225CE7A009E2908 /* dynamic_annotations.c */,
				3A3ED6791225CE7A009E2908 /* dynamic_annotations.h */,
			);
			path = dynamic_annotations;
			sourceTree = "<group>";
		};
		3A3ED67F1225CE7A009E2908 /* gtm-subset */ = {
			isa = PBXGroup;
			children = (
				3A3ED74F1225DDF2009E2908 /* GTMDefines.h */,
				3A3ED74B1225DDBE009E2908 /* GTMGarbageCollection.h */,
				3A3ED74C1225DDBE009E2908 /* GTMNSBezierPath+CGPath.h */,
				3A3ED74D1225DDBE009E2908 /* GTMNSBezierPath+CGPath.m */,
				3A3ED6811225CE7A009E2908 /* GTMNSAnimation+Duration.h */,
				3A3ED6821225CE7A009E2908 /* GTMNSAnimation+Duration.m */,
				3A3ED6831225CE7A009E2908 /* GTMNSColor+Luminance.h */,
				3A3ED6841225CE7A009E2908 /* GTMNSColor+Luminance.m */,
				3A3ED6851225CE7A009E2908 /* GTMWindowSheetController.h */,
				3A3ED6861225CE7A009E2908 /* GTMWindowSheetController.m */,
				3A3ED7671225DF06009E2908 /* GTMFadeTruncatingTextFieldCell.h */,
				3A3ED7681225DF06009E2908 /* GTMFadeTruncatingTextFieldCell.m */,
			);
			path = "gtm-subset";
			sourceTree = "<group>";
		};
		3A3ED6871225CE7A009E2908 /* molokocacao */ = {
			isa = PBXGroup;
			children = (
				3A3ED6891225CE7A009E2908 /* NSBezierPath+MCAdditions.h */,
				3A3ED68A1225CE7A009E2908 /* NSBezierPath+MCAdditions.m */,
			);
			path = molokocacao;
			sourceTree = "<group>";
		};
		3A3ED69E1225CEB1009E2908 /* mozilla */ = {
			isa = PBXGroup;
			children = (
				3A3ED6A11225CEB1009E2908 /* NSPasteboard+Utils.h */,
				3A3ED6A21225CEB1009E2908 /* NSPasteboard+Utils.mm */,
				3A3ED6A31225CEB1009E2908 /* NSScreen+Utils.h */,
				3A3ED6A41225CEB1009E2908 /* NSScreen+Utils.m */,
				3A3ED6A51225CEB1009E2908 /* NSString+Utils.h */,
				3A3ED6A61225CEB1009E2908 /* NSString+Utils.mm */,
				3A3ED6A71225CEB1009E2908 /* NSURL+Utils.h */,
				3A3ED6A81225CEB1009E2908 /* NSURL+Utils.m */,
				3A3ED6A91225CEB1009E2908 /* NSWorkspace+Utils.h */,
				3A3ED6AA1225CEB1009E2908 /* NSWorkspace+Utils.m */,
			);
			path = mozilla;
			sourceTree = "<group>";
		};
		3AEE19401222DC5B009DA438 /* tabs */ = {
			isa = PBXGroup;
			children = (
				3AEE19421222DC5B009DA438 /* tab_strip_model.h */,
				3AEE19411222DC5B009DA438 /* tab_strip_model.mm */,
				3AEE19441222DC5B009DA438 /* tab_strip_model_order_controller.h */,
				3AEE19431222DC5B009DA438 /* tab_strip_model_order_controller.mm */,
			);
			path = tabs;
			sourceTree = "<group>";
		};
/* End PBXGroup section */

/* Begin PBXNativeTarget section */
		8D1107260486CEB800E47090 /* Chromium Tabs */ = {
			isa = PBXNativeTarget;
			buildConfigurationList = C01FCF4A08A954540054247B /* Build configuration list for PBXNativeTarget "Chromium Tabs" */;
			buildPhases = (
				8D1107290486CEB800E47090 /* Resources */,
				8D11072C0486CEB800E47090 /* Sources */,
				8D11072E0486CEB800E47090 /* Frameworks */,
				3A286CE912229A3400F1BB78 /* Copy Frameworks */,
			);
			buildRules = (
			);
			dependencies = (
			);
			name = "Chromium Tabs";
			productInstallPath = "$(HOME)/Applications";
			productName = "cocoa-chromium-tabs";
			productReference = 8D1107320486CEB800E47090 /* Chromium Tabs.app */;
			productType = "com.apple.product-type.application";
		};
/* End PBXNativeTarget section */

/* Begin PBXProject section */
		29B97313FDCFA39411CA2CEA /* Project object */ = {
			isa = PBXProject;
			buildConfigurationList = C01FCF4E08A954540054247B /* Build configuration list for PBXProject "cocoa-chromium-tabs" */;
			compatibilityVersion = "Xcode 3.1";
			hasScannedForEncodings = 1;
			mainGroup = 29B97314FDCFA39411CA2CEA /* cocoa-chromium-tabs */;
			projectDirPath = "";
			projectRoot = "";
			targets = (
				8D1107260486CEB800E47090 /* Chromium Tabs */,
			);
		};
/* End PBXProject section */

/* Begin PBXResourcesBuildPhase section */
		8D1107290486CEB800E47090 /* Resources */ = {
			isa = PBXResourcesBuildPhase;
			buildActionMask = 2147483647;
			files = (
				8D11072B0486CEB800E47090 /* InfoPlist.strings in Resources */,
				1DDD58160DA1D0A300B32029 /* MainMenu.xib in Resources */,
				3A286FA11222CDBE00F1BB78 /* BrowserWindow.xib in Resources */,
				3A286FA21222CDBE00F1BB78 /* TabContents.xib in Resources */,
				3A286FA31222CDBE00F1BB78 /* TabView.xib in Resources */,
				3A286FED1222D61900F1BB78 /* newtab_h.pdf in Resources */,
				3A286FEE1222D61900F1BB78 /* newtab_p.pdf in Resources */,
				3A286FEF1222D61900F1BB78 /* newtab.pdf in Resources */,
				3A286FF81222D85300F1BB78 /* nav.pdf in Resources */,
				3A286FFC1222D94600F1BB78 /* throbber_waiting.png in Resources */,
				3A286FFE1222D99B00F1BB78 /* sadfavicon.png in Resources */,
				3A3ED35112256F06009E2908 /* throbber.png in Resources */,
			);
			runOnlyForDeploymentPostprocessing = 0;
		};
/* End PBXResourcesBuildPhase section */

/* Begin PBXSourcesBuildPhase section */
		8D11072C0486CEB800E47090 /* Sources */ = {
			isa = PBXSourcesBuildPhase;
			buildActionMask = 2147483647;
			files = (
				3A1168C51225405000757641 /* common.c in Sources */,
				3A1168C61225405000757641 /* common.mm in Sources */,
				8D11072D0486CEB800E47090 /* main.m in Sources */,
				3A3922201221B212006D8305 /* hover_close_button.mm in Sources */,
				3A3921F61221AF68006D8305 /* hover_button.mm in Sources */,
				256AC3DA0F4B6AC300CF3369 /* AppDelegate.mm in Sources */,
				3A3921DC1221AA4B006D8305 /* page_transition_types.cc in Sources */,
				3A3927131221C596006D8305 /* background_gradient_view.mm in Sources */,
				3A286E741222C09900F1BB78 /* tab_controller.mm in Sources */,
				3A286F841222CA2300F1BB78 /* tab_view.mm in Sources */,
				3A286FAE1222CFC200F1BB78 /* tab_window_controller.mm in Sources */,
				3A286FB51222D05400F1BB78 /* tab_strip_view.mm in Sources */,
				3A286F931222CADC00F1BB78 /* themed_window.mm in Sources */,
				3A286FC21222D10700F1BB78 /* url_drop_target.mm in Sources */,
				3A286FE91222D53500F1BB78 /* throbber_view.mm in Sources */,
				3AEE19541222DDEB009DA438 /* TabContents.mm in Sources */,
				3AEE19451222DC5B009DA438 /* tab_strip_model.mm in Sources */,
				3A236D7B1223328D00D21E66 /* tab_strip_model_order_controller.mm in Sources */,
				3A236DA01223375D00D21E66 /* tab_contents_controller.mm in Sources */,
				3A236DA812233A2E00D21E66 /* tab_strip_controller.mm in Sources */,
				3A236E041223497500D21E66 /* new_tab_button.mm in Sources */,
				3A236E07122349A500D21E66 /* tab_strip_model_observer_bridge.mm in Sources */,
				3A1CF96112235704008A3B8C /* BrowserWindowController.mm in Sources */,
				3A1CF98912235CEE008A3B8C /* fast_resize_view.mm in Sources */,
				3AA7188B122479CE005022BE /* Browser.mm in Sources */,
				3A3ED68D1225CE7A009E2908 /* dynamic_annotations.c in Sources */,
				3A3ED6921225CE7A009E2908 /* GTMNSAnimation+Duration.m in Sources */,
				3A3ED6931225CE7A009E2908 /* GTMNSColor+Luminance.m in Sources */,
				3A3ED6941225CE7A009E2908 /* GTMWindowSheetController.m in Sources */,
				3A3ED6961225CE7A009E2908 /* NSBezierPath+MCAdditions.m in Sources */,
				3A3ED6AD1225CEB1009E2908 /* NSPasteboard+Utils.mm in Sources */,
				3A3ED6AE1225CEB1009E2908 /* NSScreen+Utils.m in Sources */,
				3A3ED6AF1225CEB1009E2908 /* NSString+Utils.mm in Sources */,
				3A3ED6B01225CEB1009E2908 /* NSURL+Utils.m in Sources */,
				3A3ED6B11225CEB1009E2908 /* NSWorkspace+Utils.m in Sources */,
				3A3ED74E1225DDBE009E2908 /* GTMNSBezierPath+CGPath.m in Sources */,
				3A3ED7691225DF06009E2908 /* GTMFadeTruncatingTextFieldCell.m in Sources */,
			);
			runOnlyForDeploymentPostprocessing = 0;
		};
/* End PBXSourcesBuildPhase section */

/* Begin PBXVariantGroup section */
		089C165CFE840E0CC02AAC07 /* InfoPlist.strings */ = {
			isa = PBXVariantGroup;
			children = (
				089C165DFE840E0CC02AAC07 /* InfoPlist.strings */,
			);
			name = InfoPlist.strings;
			sourceTree = "<group>";
		};
		1DDD58140DA1D0A300B32029 /* MainMenu.xib */ = {
			isa = PBXVariantGroup;
			children = (
				1DDD58150DA1D0A300B32029 /* MainMenu.xib */,
			);
			name = MainMenu.xib;
			sourceTree = "<group>";
		};
/* End PBXVariantGroup section */

/* Begin XCBuildConfiguration section */
		C01FCF4B08A954540054247B /* Debug */ = {
			isa = XCBuildConfiguration;
			buildSettings = {
				ALWAYS_SEARCH_USER_PATHS = NO;
				ARCHS = "$(ARCHS_STANDARD_32_BIT)";
				COPY_PHASE_STRIP = NO;
				FRAMEWORK_SEARCH_PATHS = "$(inherited)";
				GCC_CW_ASM_SYNTAX = NO;
				GCC_C_LANGUAGE_STANDARD = gnu99;
				GCC_DYNAMIC_NO_PIC = NO;
				GCC_ENABLE_FIX_AND_CONTINUE = YES;
				GCC_ENABLE_PASCAL_STRINGS = NO;
				GCC_MODEL_TUNING = G5;
				GCC_OPTIMIZATION_LEVEL = 0;
				GCC_PRECOMPILE_PREFIX_HEADER = YES;
				GCC_PREFIX_HEADER = src/prefix.pch;
				GCC_PREPROCESSOR_DEFINITIONS = (
					"\"V8_REPORT_EXECUTABLE_MEMORY_USAGE\"",
					"\"CHROMIUM_BUILD\"",
					"\"ENABLE_REMOTING=1\"",
					"\"ENABLE_GPU=1\"",
					"\"__STDC_FORMAT_MACROS\"",
					"\"DYNAMIC_ANNOTATIONS_ENABLED=1\"",
					"\"_DEBUG\"",
				);
				GCC_THREADSAFE_STATICS = NO;
				GCC_VERSION = com.apple.compilers.llvm.clang.1_0;
				HEADER_SEARCH_PATHS = (
					src,
					src/chrome,
				);
				INFOPLIST_FILE = "resources/example-app-Info.plist";
				INSTALL_PATH = "$(HOME)/Applications";
				LD_RUNPATH_SEARCH_PATHS = "@loader_path/../Frameworks";
				OTHER_CPLUSPLUSFLAGS = (
					"-fvisibility=hidden",
					"$(OTHER_CFLAGS)",
				);
				PRODUCT_NAME = "Chromium Tabs";
				SDKROOT = macosx10.6;
			};
			name = Debug;
		};
		C01FCF4C08A954540054247B /* Release */ = {
			isa = XCBuildConfiguration;
			buildSettings = {
				ALWAYS_SEARCH_USER_PATHS = NO;
				ARCHS = "$(ARCHS_STANDARD_32_BIT)";
				DEBUG_INFORMATION_FORMAT = "dwarf-with-dsym";
				FRAMEWORK_SEARCH_PATHS = "$(inherited)";
				GCC_CW_ASM_SYNTAX = NO;
				GCC_C_LANGUAGE_STANDARD = gnu99;
				GCC_ENABLE_PASCAL_STRINGS = NO;
				GCC_MODEL_TUNING = G5;
				GCC_PRECOMPILE_PREFIX_HEADER = YES;
				GCC_PREFIX_HEADER = src/prefix.pch;
				GCC_PREPROCESSOR_DEFINITIONS = (
					"\"V8_REPORT_EXECUTABLE_MEMORY_USAGE\"",
					"\"CHROMIUM_BUILD\"",
					"\"ENABLE_REMOTING=1\"",
					"\"ENABLE_GPU=1\"",
					"\"__STDC_FORMAT_MACROS\"",
					"\"NDEBUG\"",
					"\"NVALGRIND\"",
					"\"DYNAMIC_ANNOTATIONS_ENABLED=0\"",
				);
				GCC_THREADSAFE_STATICS = NO;
				GCC_VERSION = com.apple.compilers.llvm.clang.1_0;
				HEADER_SEARCH_PATHS = (
					src,
					src/chrome,
				);
				INFOPLIST_FILE = "resources/example-app-Info.plist";
				INSTALL_PATH = "$(HOME)/Applications";
				LD_RUNPATH_SEARCH_PATHS = "@loader_path/../Frameworks";
				OTHER_CPLUSPLUSFLAGS = (
					"-fvisibility=hidden",
					"$(OTHER_CFLAGS)",
				);
				PRODUCT_NAME = "Chromium Tabs";
				SDKROOT = macosx10.6;
			};
			name = Release;
		};
		C01FCF4F08A954540054247B /* Debug */ = {
			isa = XCBuildConfiguration;
			buildSettings = {
				ARCHS = "$(ARCHS_STANDARD_32_64_BIT)";
				GCC_C_LANGUAGE_STANDARD = gnu99;
				GCC_OPTIMIZATION_LEVEL = 0;
				GCC_WARN_ABOUT_RETURN_TYPE = YES;
				GCC_WARN_UNUSED_VARIABLE = YES;
				ONLY_ACTIVE_ARCH = YES;
				PREBINDING = NO;
				SDKROOT = macosx10.6;
			};
			name = Debug;
		};
		C01FCF5008A954540054247B /* Release */ = {
			isa = XCBuildConfiguration;
			buildSettings = {
				ARCHS = "$(ARCHS_STANDARD_32_64_BIT)";
				GCC_C_LANGUAGE_STANDARD = gnu99;
				GCC_WARN_ABOUT_RETURN_TYPE = YES;
				GCC_WARN_UNUSED_VARIABLE = YES;
				PREBINDING = NO;
				SDKROOT = macosx10.6;
			};
			name = Release;
		};
/* End XCBuildConfiguration section */

/* Begin XCConfigurationList section */
		C01FCF4A08A954540054247B /* Build configuration list for PBXNativeTarget "Chromium Tabs" */ = {
			isa = XCConfigurationList;
			buildConfigurations = (
				C01FCF4B08A954540054247B /* Debug */,
				C01FCF4C08A954540054247B /* Release */,
			);
			defaultConfigurationIsVisible = 0;
			defaultConfigurationName = Release;
		};
		C01FCF4E08A954540054247B /* Build configuration list for PBXProject "cocoa-chromium-tabs" */ = {
			isa = XCConfigurationList;
			buildConfigurations = (
				C01FCF4F08A954540054247B /* Debug */,
				C01FCF5008A954540054247B /* Release */,
			);
			defaultConfigurationIsVisible = 0;
			defaultConfigurationName = Release;
		};
/* End XCConfigurationList section */
	};
	rootObject = 29B97313FDCFA39411CA2CEA /* Project object */;
}
